{
  "object": {
    "pins": [
      {
        "package": "Builder",
        "repositoryURL": "https://github.com/elegantchaos/Builder.git",
        "state": {
          "branch": null,
          "revision": "58b7446a08fc84661f9beb8b12fcf5ddf2f1395c",
          "version": "1.2.0"
        }
      },
      {
        "package": "BuilderConfiguration",
        "repositoryURL": "https://github.com/elegantchaos/BuilderConfiguration.git",
        "state": {
          "branch": null,
          "revision": "bf3ab85857d022ef38aec98188f2e01738bd606f",
          "version": "1.1.4"
        }
      },
      {
        "package": "Logger",
        "repositoryURL": "https://github.com/elegantchaos/Logger.git",
        "state": {
          "branch": null,
          "revision": "e4073d0427146d2884730d0cdcb62e4ce0f80938",
          "version": "1.5.2"
        }
      },
      {
        "package": "Runner",
        "repositoryURL": "https://github.com/elegantchaos/Runner.git",
        "state": {
          "branch": null,
          "revision": "394f2a5a92ac6b81215a3eeaec5ee4c8227a4a47",
          "version": "1.0.5"
        }
      },
      {
        "package": "swift-argument-parser",
        "repositoryURL": "https://github.com/apple/swift-argument-parser",
        "state": {
          "branch": null,
          "revision": "35b76bf577d3cc74820f8991894ce3bcdf024ddc",
          "version": "0.0.2"
        }
      },
      {
        "package": "URLExtensions",
        "repositoryURL": "https://github.com/elegantchaos/URLExtensions.git",
        "state": {
          "branch": null,
          "revision": "86fcffb5f6ce429253c0bb5e179a885b42ef268e",
          "version": "1.0.2"
        }
      },
      {
        "package": "XCTestExtensions",
        "repositoryURL": "https://github.com/elegantchaos/XCTestExtensions.git",
        "state": {
          "branch": null,
          "revision": "fb1df618de3ffd23f6979422bd5fde4216ebe453",
          "version": "1.0.9"
        }
      }
    ]
  },
  "version": 1
}
