{
  "originHash" : "c2dd8b3a13b22626bdf54e0714df7abbae080ce71991455d881c1092898abf6d",
  "pins" : [
    {
      "identity" : "coercion",
      "kind" : "remoteSourceControl",
      "location" : "https://github.com/elegantchaos/Coercion.git",
      "state" : {
        "revision" : "f5ae9b7b191d9c042047e08e880e80ce676de230",
        "version" : "1.1.2"
      }
    },
    {
      "identity" : "files",
      "kind" : "remoteSourceControl",
      "location" : "https://github.com/elegantchaos/Files.git",
      "state" : {
        "revision" : "a86af44d44917e05facab8abb15a482383bd8f12",
        "version" : "1.2.0"
      }
    },
    {
      "identity" : "logger",
      "kind" : "remoteSourceControl",
      "location" : "https://github.com/elegantchaos/Logger.git",
      "state" : {
        "revision" : "8ceabf0985b5255f7be42e023a3f63a7779a9145",
        "version" : "1.6.0"
      }
    },
    {
      "identity" : "runner",
      "kind" : "remoteSourceControl",
      "location" : "https://github.com/elegantchaos/Runner.git",
      "state" : {
        "revision" : "223dacb837a655634eb38900bd731bd05ee1ba42",
        "version" : "2.0.5"
      }
    },
    {
      "identity" : "swift-argument-parser",
      "kind" : "remoteSourceControl",
      "location" : "https://github.com/apple/swift-argument-parser",
      "state" : {
        "revision" : "41982a3656a71c768319979febd796c6fd111d5c",
        "version" : "1.5.0"
      }
    },
    {
      "identity" : "versionator",
      "kind" : "remoteSourceControl",
      "location" : "https://github.com/elegantchaos/Versionator.git",
      "state" : {
        "revision" : "6d1cdddce7990f660c4f3b96c5a24be8dcce9007",
        "version" : "2.0.2"
      }
    },
    {
      "identity" : "xctestextensions",
      "kind" : "remoteSourceControl",
      "location" : "https://github.com/elegantchaos/XCTestExtensions.git",
      "state" : {
        "revision" : "d57bdae3d001084247cd7cad771326cf710c3cc5",
        "version" : "1.3.0"
      }
    }
  ],
  "version" : 3
}
