{
  "originHash" : "e5a8a0c5504f820e0bf8dbbd92ac72ff05ef8f1a3d78f18b21a465ed1b9d1fe2",
  "pins" : [
    {
      "identity" : "chaosbytestreams",
      "kind" : "remoteSourceControl",
      "location" : "https://github.com/elegantchaos/ChaosByteStreams",
      "state" : {
        "revision" : "67dadbb9f94a2407a765e2eb6294fa22ac3fa736",
        "version" : "1.0.1"
      }
    },
    {
      "identity" : "coercion",
      "kind" : "remoteSourceControl",
      "location" : "https://github.com/elegantchaos/Coercion.git",
      "state" : {
        "revision" : "f5ae9b7b191d9c042047e08e880e80ce676de230",
        "version" : "1.1.2"
      }
    },
    {
      "identity" : "files",
      "kind" : "remoteSourceControl",
      "location" : "https://github.com/elegantchaos/Files.git",
      "state" : {
        "revision" : "a86af44d44917e05facab8abb15a482383bd8f12",
        "version" : "1.2.0"
      }
    },
    {
      "identity" : "logger",
      "kind" : "remoteSourceControl",
      "location" : "https://github.com/elegantchaos/Logger.git",
      "state" : {
        "branch" : "v2-wip",
        "revision" : "f167c34fc0727a704cc871bef0867fc83b360d28"
      }
    },
    {
      "identity" : "runner",
      "kind" : "remoteSourceControl",
      "location" : "https://github.com/elegantchaos/Runner.git",
      "state" : {
        "revision" : "8034c25c136733d25da0c10f1ff27f1cecd1ab7a",
        "version" : "2.0.10"
      }
    },
    {
      "identity" : "swift-argument-parser",
      "kind" : "remoteSourceControl",
      "location" : "https://github.com/apple/swift-argument-parser",
      "state" : {
        "revision" : "41982a3656a71c768319979febd796c6fd111d5c",
        "version" : "1.5.0"
      }
    },
    {
      "identity" : "versionator",
      "kind" : "remoteSourceControl",
      "location" : "https://github.com/elegantchaos/Versionator.git",
      "state" : {
        "revision" : "6d1cdddce7990f660c4f3b96c5a24be8dcce9007",
        "version" : "2.0.2"
      }
    },
    {
      "identity" : "xctestextensions",
      "kind" : "remoteSourceControl",
      "location" : "https://github.com/elegantchaos/XCTestExtensions.git",
      "state" : {
        "revision" : "d57bdae3d001084247cd7cad771326cf710c3cc5",
        "version" : "1.3.0"
      }
    }
  ],
  "version" : 3
}
