// !$*UTF8*$!
{
	archiveVersion = 1;
	classes = {
	};
	objectVersion = 46;
	objects = {

/* Begin PBXAggregateTarget section */
		"ReleaseTools::ReleaseToolsPackageTests::ProductTarget" /* ReleaseToolsPackageTests */ = {
			isa = PBXAggregateTarget;
			buildConfigurationList = OBJ_181 /* Build configuration list for PBXAggregateTarget "ReleaseToolsPackageTests" */;
			buildPhases = (
			);
			dependencies = (
				OBJ_184 /* PBXTargetDependency */,
			);
			name = ReleaseToolsPackageTests;
			productName = ReleaseToolsPackageTests;
		};
/* End PBXAggregateTarget section */

/* Begin PBXBuildFile section */
		22E8E54022677886001A3DEB /* Command.swift in Sources */ = {isa = PBXBuildFile; fileRef = OBJ_12 /* Command.swift */; };
		22E8E54222677D90001A3DEB /* Result.swift in Sources */ = {isa = PBXBuildFile; fileRef = 22E8E54122677D90001A3DEB /* Result.swift */; };
		OBJ_100 /* Logger.framework in Frameworks */ = {isa = PBXBuildFile; fileRef = "Logger::Logger::Product" /* Logger.framework */; };
		OBJ_101 /* Docopt.framework in Frameworks */ = {isa = PBXBuildFile; fileRef = "Docopt::Docopt::Product" /* Docopt.framework */; };
		OBJ_102 /* Runner.framework in Frameworks */ = {isa = PBXBuildFile; fileRef = "Runner::Runner::Product" /* Runner.framework */; };
		OBJ_112 /* Argument.swift in Sources */ = {isa = PBXBuildFile; fileRef = OBJ_28 /* Argument.swift */; };
		OBJ_113 /* BranchPattern.swift in Sources */ = {isa = PBXBuildFile; fileRef = OBJ_29 /* BranchPattern.swift */; };
		OBJ_114 /* Command.swift in Sources */ = {isa = PBXBuildFile; fileRef = OBJ_30 /* Command.swift */; };
		OBJ_115 /* Docopt.swift in Sources */ = {isa = PBXBuildFile; fileRef = OBJ_31 /* Docopt.swift */; };
		OBJ_116 /* DocoptError.swift in Sources */ = {isa = PBXBuildFile; fileRef = OBJ_32 /* DocoptError.swift */; };
		OBJ_117 /* Either.swift in Sources */ = {isa = PBXBuildFile; fileRef = OBJ_33 /* Either.swift */; };
		OBJ_118 /* LeafPattern.swift in Sources */ = {isa = PBXBuildFile; fileRef = OBJ_34 /* LeafPattern.swift */; };
		OBJ_119 /* OneOrMore.swift in Sources */ = {isa = PBXBuildFile; fileRef = OBJ_35 /* OneOrMore.swift */; };
		OBJ_120 /* Option.swift in Sources */ = {isa = PBXBuildFile; fileRef = OBJ_36 /* Option.swift */; };
		OBJ_121 /* Optional.swift in Sources */ = {isa = PBXBuildFile; fileRef = OBJ_37 /* Optional.swift */; };
		OBJ_122 /* OptionsShortcut.swift in Sources */ = {isa = PBXBuildFile; fileRef = OBJ_38 /* OptionsShortcut.swift */; };
		OBJ_123 /* Pattern.swift in Sources */ = {isa = PBXBuildFile; fileRef = OBJ_39 /* Pattern.swift */; };
		OBJ_124 /* Required.swift in Sources */ = {isa = PBXBuildFile; fileRef = OBJ_40 /* Required.swift */; };
		OBJ_125 /* String.swift in Sources */ = {isa = PBXBuildFile; fileRef = OBJ_41 /* String.swift */; };
		OBJ_126 /* Tokens.swift in Sources */ = {isa = PBXBuildFile; fileRef = OBJ_42 /* Tokens.swift */; };
		OBJ_133 /* Package.swift in Sources */ = {isa = PBXBuildFile; fileRef = OBJ_43 /* Package.swift */; };
		OBJ_138 /* Channel.swift in Sources */ = {isa = PBXBuildFile; fileRef = OBJ_47 /* Channel.swift */; };
		OBJ_139 /* Context.swift in Sources */ = {isa = PBXBuildFile; fileRef = OBJ_48 /* Context.swift */; };
		OBJ_140 /* Handler.swift in Sources */ = {isa = PBXBuildFile; fileRef = OBJ_49 /* Handler.swift */; };
		OBJ_141 /* Manager.swift in Sources */ = {isa = PBXBuildFile; fileRef = OBJ_50 /* Manager.swift */; };
		OBJ_142 /* NSLogHandler.swift in Sources */ = {isa = PBXBuildFile; fileRef = OBJ_51 /* NSLogHandler.swift */; };
		OBJ_143 /* OSLogHandler.swift in Sources */ = {isa = PBXBuildFile; fileRef = OBJ_52 /* OSLogHandler.swift */; };
		OBJ_144 /* PrintHandler.swift in Sources */ = {isa = PBXBuildFile; fileRef = OBJ_53 /* PrintHandler.swift */; };
		OBJ_151 /* Package.swift in Sources */ = {isa = PBXBuildFile; fileRef = OBJ_56 /* Package.swift */; };
		OBJ_157 /* ArchiveCommand.swift in Sources */ = {isa = PBXBuildFile; fileRef = OBJ_11 /* ArchiveCommand.swift */; };
		OBJ_159 /* CompressCommand.swift in Sources */ = {isa = PBXBuildFile; fileRef = OBJ_13 /* CompressCommand.swift */; };
		OBJ_160 /* ExportCommand.swift in Sources */ = {isa = PBXBuildFile; fileRef = OBJ_14 /* ExportCommand.swift */; };
		OBJ_161 /* XcodeRunner.swift in Sources */ = {isa = PBXBuildFile; fileRef = OBJ_15 /* XcodeRunner.swift */; };
		OBJ_162 /* main.swift in Sources */ = {isa = PBXBuildFile; fileRef = OBJ_16 /* main.swift */; };
		OBJ_164 /* CommandShell.framework in Frameworks */ = {isa = PBXBuildFile; fileRef = "ReleaseTools::CommandShell::Product" /* CommandShell.framework */; };
		OBJ_165 /* Arguments.framework in Frameworks */ = {isa = PBXBuildFile; fileRef = "Arguments::Arguments::Product" /* Arguments.framework */; };
		OBJ_166 /* Logger.framework in Frameworks */ = {isa = PBXBuildFile; fileRef = "Logger::Logger::Product" /* Logger.framework */; };
		OBJ_167 /* Docopt.framework in Frameworks */ = {isa = PBXBuildFile; fileRef = "Docopt::Docopt::Product" /* Docopt.framework */; };
		OBJ_168 /* Runner.framework in Frameworks */ = {isa = PBXBuildFile; fileRef = "Runner::Runner::Product" /* Runner.framework */; };
		OBJ_179 /* Package.swift in Sources */ = {isa = PBXBuildFile; fileRef = OBJ_6 /* Package.swift */; };
		OBJ_190 /* SketchXTests.swift in Sources */ = {isa = PBXBuildFile; fileRef = OBJ_19 /* SketchXTests.swift */; };
		OBJ_191 /* XCTestManifests.swift in Sources */ = {isa = PBXBuildFile; fileRef = OBJ_20 /* XCTestManifests.swift */; };
		OBJ_193 /* CommandShell.framework in Frameworks */ = {isa = PBXBuildFile; fileRef = "ReleaseTools::CommandShell::Product" /* CommandShell.framework */; };
		OBJ_194 /* Arguments.framework in Frameworks */ = {isa = PBXBuildFile; fileRef = "Arguments::Arguments::Product" /* Arguments.framework */; };
		OBJ_195 /* Logger.framework in Frameworks */ = {isa = PBXBuildFile; fileRef = "Logger::Logger::Product" /* Logger.framework */; };
		OBJ_196 /* Docopt.framework in Frameworks */ = {isa = PBXBuildFile; fileRef = "Docopt::Docopt::Product" /* Docopt.framework */; };
		OBJ_197 /* Runner.framework in Frameworks */ = {isa = PBXBuildFile; fileRef = "Runner::Runner::Product" /* Runner.framework */; };
		OBJ_208 /* Runner.swift in Sources */ = {isa = PBXBuildFile; fileRef = OBJ_59 /* Runner.swift */; };
		OBJ_215 /* Package.swift in Sources */ = {isa = PBXBuildFile; fileRef = OBJ_60 /* Package.swift */; };
		OBJ_78 /* Arguments.swift in Sources */ = {isa = PBXBuildFile; fileRef = OBJ_24 /* Arguments.swift */; };
		OBJ_80 /* Logger.framework in Frameworks */ = {isa = PBXBuildFile; fileRef = "Logger::Logger::Product" /* Logger.framework */; };
		OBJ_81 /* Docopt.framework in Frameworks */ = {isa = PBXBuildFile; fileRef = "Docopt::Docopt::Product" /* Docopt.framework */; };
		OBJ_91 /* Package.swift in Sources */ = {isa = PBXBuildFile; fileRef = OBJ_25 /* Package.swift */; };
		OBJ_97 /* CommandShell.swift in Sources */ = {isa = PBXBuildFile; fileRef = OBJ_9 /* CommandShell.swift */; };
		OBJ_99 /* Arguments.framework in Frameworks */ = {isa = PBXBuildFile; fileRef = "Arguments::Arguments::Product" /* Arguments.framework */; };
/* End PBXBuildFile section */

/* Begin PBXContainerItemProxy section */
		22E8E52E2267787A001A3DEB /* PBXContainerItemProxy */ = {
			isa = PBXContainerItemProxy;
			containerPortal = OBJ_1 /* Project object */;
			proxyType = 1;
			remoteGlobalIDString = "Arguments::Arguments";
			remoteInfo = Arguments;
		};
		22E8E52F2267787A001A3DEB /* PBXContainerItemProxy */ = {
			isa = PBXContainerItemProxy;
			containerPortal = OBJ_1 /* Project object */;
			proxyType = 1;
			remoteGlobalIDString = "Logger::Logger";
			remoteInfo = Logger;
		};
		22E8E5302267787A001A3DEB /* PBXContainerItemProxy */ = {
			isa = PBXContainerItemProxy;
			containerPortal = OBJ_1 /* Project object */;
			proxyType = 1;
			remoteGlobalIDString = "Docopt::Docopt";
			remoteInfo = Docopt;
		};
		22E8E5312267787A001A3DEB /* PBXContainerItemProxy */ = {
			isa = PBXContainerItemProxy;
			containerPortal = OBJ_1 /* Project object */;
			proxyType = 1;
			remoteGlobalIDString = "Logger::Logger";
			remoteInfo = Logger;
		};
		22E8E5322267787A001A3DEB /* PBXContainerItemProxy */ = {
			isa = PBXContainerItemProxy;
			containerPortal = OBJ_1 /* Project object */;
			proxyType = 1;
			remoteGlobalIDString = "Docopt::Docopt";
			remoteInfo = Docopt;
		};
		22E8E5332267787A001A3DEB /* PBXContainerItemProxy */ = {
			isa = PBXContainerItemProxy;
			containerPortal = OBJ_1 /* Project object */;
			proxyType = 1;
			remoteGlobalIDString = "Runner::Runner";
			remoteInfo = Runner;
		};
		22E8E5342267787A001A3DEB /* PBXContainerItemProxy */ = {
			isa = PBXContainerItemProxy;
			containerPortal = OBJ_1 /* Project object */;
			proxyType = 1;
			remoteGlobalIDString = "ReleaseTools::CommandShell";
			remoteInfo = CommandShell;
		};
		22E8E5352267787A001A3DEB /* PBXContainerItemProxy */ = {
			isa = PBXContainerItemProxy;
			containerPortal = OBJ_1 /* Project object */;
			proxyType = 1;
			remoteGlobalIDString = "Arguments::Arguments";
			remoteInfo = Arguments;
		};
		22E8E5362267787A001A3DEB /* PBXContainerItemProxy */ = {
			isa = PBXContainerItemProxy;
			containerPortal = OBJ_1 /* Project object */;
			proxyType = 1;
			remoteGlobalIDString = "Logger::Logger";
			remoteInfo = Logger;
		};
		22E8E5372267787A001A3DEB /* PBXContainerItemProxy */ = {
			isa = PBXContainerItemProxy;
			containerPortal = OBJ_1 /* Project object */;
			proxyType = 1;
			remoteGlobalIDString = "Docopt::Docopt";
			remoteInfo = Docopt;
		};
		22E8E5382267787A001A3DEB /* PBXContainerItemProxy */ = {
			isa = PBXContainerItemProxy;
			containerPortal = OBJ_1 /* Project object */;
			proxyType = 1;
			remoteGlobalIDString = "Runner::Runner";
			remoteInfo = Runner;
		};
		22E8E5392267787A001A3DEB /* PBXContainerItemProxy */ = {
			isa = PBXContainerItemProxy;
			containerPortal = OBJ_1 /* Project object */;
			proxyType = 1;
			remoteGlobalIDString = "ReleaseTools::ReleaseTools";
			remoteInfo = ReleaseTools;
		};
		22E8E53A2267787A001A3DEB /* PBXContainerItemProxy */ = {
			isa = PBXContainerItemProxy;
			containerPortal = OBJ_1 /* Project object */;
			proxyType = 1;
			remoteGlobalIDString = "ReleaseTools::CommandShell";
			remoteInfo = CommandShell;
		};
		22E8E53B2267787A001A3DEB /* PBXContainerItemProxy */ = {
			isa = PBXContainerItemProxy;
			containerPortal = OBJ_1 /* Project object */;
			proxyType = 1;
			remoteGlobalIDString = "Arguments::Arguments";
			remoteInfo = Arguments;
		};
		22E8E53C2267787A001A3DEB /* PBXContainerItemProxy */ = {
			isa = PBXContainerItemProxy;
			containerPortal = OBJ_1 /* Project object */;
			proxyType = 1;
			remoteGlobalIDString = "Logger::Logger";
			remoteInfo = Logger;
		};
		22E8E53D2267787A001A3DEB /* PBXContainerItemProxy */ = {
			isa = PBXContainerItemProxy;
			containerPortal = OBJ_1 /* Project object */;
			proxyType = 1;
			remoteGlobalIDString = "Docopt::Docopt";
			remoteInfo = Docopt;
		};
		22E8E53E2267787A001A3DEB /* PBXContainerItemProxy */ = {
			isa = PBXContainerItemProxy;
			containerPortal = OBJ_1 /* Project object */;
			proxyType = 1;
			remoteGlobalIDString = "Runner::Runner";
			remoteInfo = Runner;
		};
		22E8E53F2267787C001A3DEB /* PBXContainerItemProxy */ = {
			isa = PBXContainerItemProxy;
			containerPortal = OBJ_1 /* Project object */;
			proxyType = 1;
			remoteGlobalIDString = "ReleaseTools::ReleaseToolsTests";
			remoteInfo = ReleaseToolsTests;
		};
/* End PBXContainerItemProxy section */

/* Begin PBXFileReference section */
		22E8E54122677D90001A3DEB /* Result.swift */ = {isa = PBXFileReference; lastKnownFileType = sourcecode.swift; path = Result.swift; sourceTree = "<group>"; };
		"Arguments::Arguments::Product" /* Arguments.framework */ = {isa = PBXFileReference; lastKnownFileType = wrapper.framework; path = Arguments.framework; sourceTree = BUILT_PRODUCTS_DIR; };
		"Docopt::Docopt::Product" /* Docopt.framework */ = {isa = PBXFileReference; lastKnownFileType = wrapper.framework; path = Docopt.framework; sourceTree = BUILT_PRODUCTS_DIR; };
		"Logger::Logger::Product" /* Logger.framework */ = {isa = PBXFileReference; lastKnownFileType = wrapper.framework; path = Logger.framework; sourceTree = BUILT_PRODUCTS_DIR; };
		OBJ_11 /* ArchiveCommand.swift */ = {isa = PBXFileReference; lastKnownFileType = sourcecode.swift; path = ArchiveCommand.swift; sourceTree = "<group>"; };
		OBJ_12 /* Command.swift */ = {isa = PBXFileReference; lastKnownFileType = sourcecode.swift; path = Command.swift; sourceTree = "<group>"; };
		OBJ_13 /* CompressCommand.swift */ = {isa = PBXFileReference; lastKnownFileType = sourcecode.swift; path = CompressCommand.swift; sourceTree = "<group>"; };
		OBJ_14 /* ExportCommand.swift */ = {isa = PBXFileReference; lastKnownFileType = sourcecode.swift; path = ExportCommand.swift; sourceTree = "<group>"; };
		OBJ_15 /* XcodeRunner.swift */ = {isa = PBXFileReference; lastKnownFileType = sourcecode.swift; path = XcodeRunner.swift; sourceTree = "<group>"; };
		OBJ_16 /* main.swift */ = {isa = PBXFileReference; lastKnownFileType = sourcecode.swift; path = main.swift; sourceTree = "<group>"; };
		OBJ_19 /* SketchXTests.swift */ = {isa = PBXFileReference; lastKnownFileType = sourcecode.swift; path = SketchXTests.swift; sourceTree = "<group>"; };
		OBJ_20 /* XCTestManifests.swift */ = {isa = PBXFileReference; lastKnownFileType = sourcecode.swift; path = XCTestManifests.swift; sourceTree = "<group>"; };
		OBJ_24 /* Arguments.swift */ = {isa = PBXFileReference; lastKnownFileType = sourcecode.swift; path = Arguments.swift; sourceTree = "<group>"; };
		OBJ_25 /* Package.swift */ = {isa = PBXFileReference; explicitFileType = sourcecode.swift; name = Package.swift; path = /Users/sam/Projects/Bookish/Packages/ReleaseTools/.build/checkouts/Arguments/Package.swift; sourceTree = "<group>"; };
		OBJ_28 /* Argument.swift */ = {isa = PBXFileReference; lastKnownFileType = sourcecode.swift; path = Argument.swift; sourceTree = "<group>"; };
		OBJ_29 /* BranchPattern.swift */ = {isa = PBXFileReference; lastKnownFileType = sourcecode.swift; path = BranchPattern.swift; sourceTree = "<group>"; };
		OBJ_30 /* Command.swift */ = {isa = PBXFileReference; lastKnownFileType = sourcecode.swift; path = Command.swift; sourceTree = "<group>"; };
		OBJ_31 /* Docopt.swift */ = {isa = PBXFileReference; lastKnownFileType = sourcecode.swift; path = Docopt.swift; sourceTree = "<group>"; };
		OBJ_32 /* DocoptError.swift */ = {isa = PBXFileReference; lastKnownFileType = sourcecode.swift; path = DocoptError.swift; sourceTree = "<group>"; };
		OBJ_33 /* Either.swift */ = {isa = PBXFileReference; lastKnownFileType = sourcecode.swift; path = Either.swift; sourceTree = "<group>"; };
		OBJ_34 /* LeafPattern.swift */ = {isa = PBXFileReference; lastKnownFileType = sourcecode.swift; path = LeafPattern.swift; sourceTree = "<group>"; };
		OBJ_35 /* OneOrMore.swift */ = {isa = PBXFileReference; lastKnownFileType = sourcecode.swift; path = OneOrMore.swift; sourceTree = "<group>"; };
		OBJ_36 /* Option.swift */ = {isa = PBXFileReference; lastKnownFileType = sourcecode.swift; path = Option.swift; sourceTree = "<group>"; };
		OBJ_37 /* Optional.swift */ = {isa = PBXFileReference; lastKnownFileType = sourcecode.swift; path = Optional.swift; sourceTree = "<group>"; };
		OBJ_38 /* OptionsShortcut.swift */ = {isa = PBXFileReference; lastKnownFileType = sourcecode.swift; path = OptionsShortcut.swift; sourceTree = "<group>"; };
		OBJ_39 /* Pattern.swift */ = {isa = PBXFileReference; lastKnownFileType = sourcecode.swift; path = Pattern.swift; sourceTree = "<group>"; };
		OBJ_40 /* Required.swift */ = {isa = PBXFileReference; lastKnownFileType = sourcecode.swift; path = Required.swift; sourceTree = "<group>"; };
		OBJ_41 /* String.swift */ = {isa = PBXFileReference; lastKnownFileType = sourcecode.swift; path = String.swift; sourceTree = "<group>"; };
		OBJ_42 /* Tokens.swift */ = {isa = PBXFileReference; lastKnownFileType = sourcecode.swift; path = Tokens.swift; sourceTree = "<group>"; };
		OBJ_43 /* Package.swift */ = {isa = PBXFileReference; explicitFileType = sourcecode.swift; name = Package.swift; path = /Users/sam/Projects/Bookish/Packages/ReleaseTools/.build/checkouts/docopt.swift/Package.swift; sourceTree = "<group>"; };
		OBJ_47 /* Channel.swift */ = {isa = PBXFileReference; lastKnownFileType = sourcecode.swift; path = Channel.swift; sourceTree = "<group>"; };
		OBJ_48 /* Context.swift */ = {isa = PBXFileReference; lastKnownFileType = sourcecode.swift; path = Context.swift; sourceTree = "<group>"; };
		OBJ_49 /* Handler.swift */ = {isa = PBXFileReference; lastKnownFileType = sourcecode.swift; path = Handler.swift; sourceTree = "<group>"; };
		OBJ_50 /* Manager.swift */ = {isa = PBXFileReference; lastKnownFileType = sourcecode.swift; path = Manager.swift; sourceTree = "<group>"; };
		OBJ_51 /* NSLogHandler.swift */ = {isa = PBXFileReference; lastKnownFileType = sourcecode.swift; path = NSLogHandler.swift; sourceTree = "<group>"; };
		OBJ_52 /* OSLogHandler.swift */ = {isa = PBXFileReference; lastKnownFileType = sourcecode.swift; path = OSLogHandler.swift; sourceTree = "<group>"; };
		OBJ_53 /* PrintHandler.swift */ = {isa = PBXFileReference; lastKnownFileType = sourcecode.swift; path = PrintHandler.swift; sourceTree = "<group>"; };
		OBJ_56 /* Package.swift */ = {isa = PBXFileReference; explicitFileType = sourcecode.swift; name = Package.swift; path = /Users/sam/Projects/Bookish/Packages/ReleaseTools/.build/checkouts/Logger/Package.swift; sourceTree = "<group>"; };
		OBJ_59 /* Runner.swift */ = {isa = PBXFileReference; lastKnownFileType = sourcecode.swift; path = Runner.swift; sourceTree = "<group>"; };
		OBJ_6 /* Package.swift */ = {isa = PBXFileReference; explicitFileType = sourcecode.swift; path = Package.swift; sourceTree = "<group>"; };
		OBJ_60 /* Package.swift */ = {isa = PBXFileReference; explicitFileType = sourcecode.swift; name = Package.swift; path = /Users/sam/Projects/Bookish/Packages/ReleaseTools/Packages/runner/Package.swift; sourceTree = "<group>"; };
		OBJ_69 /* Example */ = {isa = PBXFileReference; lastKnownFileType = folder; path = Example; sourceTree = SOURCE_ROOT; };
		OBJ_70 /* ReleaseTools.xcworkspace */ = {isa = PBXFileReference; lastKnownFileType = wrapper.workspace; path = ReleaseTools.xcworkspace; sourceTree = SOURCE_ROOT; };
		OBJ_71 /* Packages */ = {isa = PBXFileReference; lastKnownFileType = folder; path = Packages; sourceTree = SOURCE_ROOT; };
		OBJ_72 /* README.md */ = {isa = PBXFileReference; lastKnownFileType = net.daringfireball.markdown; path = README.md; sourceTree = "<group>"; };
		OBJ_9 /* CommandShell.swift */ = {isa = PBXFileReference; lastKnownFileType = sourcecode.swift; path = CommandShell.swift; sourceTree = "<group>"; };
		"ReleaseTools::CommandShell::Product" /* CommandShell.framework */ = {isa = PBXFileReference; lastKnownFileType = wrapper.framework; path = CommandShell.framework; sourceTree = BUILT_PRODUCTS_DIR; };
		"ReleaseTools::ReleaseTools::Product" /* ReleaseTools */ = {isa = PBXFileReference; lastKnownFileType = text; path = ReleaseTools; sourceTree = BUILT_PRODUCTS_DIR; };
		"ReleaseTools::ReleaseToolsTests::Product" /* ReleaseToolsTests.xctest */ = {isa = PBXFileReference; lastKnownFileType = file; path = ReleaseToolsTests.xctest; sourceTree = BUILT_PRODUCTS_DIR; };
		"Runner::Runner::Product" /* Runner.framework */ = {isa = PBXFileReference; lastKnownFileType = wrapper.framework; path = Runner.framework; sourceTree = BUILT_PRODUCTS_DIR; };
/* End PBXFileReference section */

/* Begin PBXFrameworksBuildPhase section */
		OBJ_127 /* Frameworks */ = {
			isa = PBXFrameworksBuildPhase;
			buildActionMask = 0;
			files = (
			);
			runOnlyForDeploymentPostprocessing = 0;
		};
		OBJ_145 /* Frameworks */ = {
			isa = PBXFrameworksBuildPhase;
			buildActionMask = 0;
			files = (
			);
			runOnlyForDeploymentPostprocessing = 0;
		};
		OBJ_163 /* Frameworks */ = {
			isa = PBXFrameworksBuildPhase;
			buildActionMask = 0;
			files = (
				OBJ_164 /* CommandShell.framework in Frameworks */,
				OBJ_165 /* Arguments.framework in Frameworks */,
				OBJ_166 /* Logger.framework in Frameworks */,
				OBJ_167 /* Docopt.framework in Frameworks */,
				OBJ_168 /* Runner.framework in Frameworks */,
			);
			runOnlyForDeploymentPostprocessing = 0;
		};
		OBJ_192 /* Frameworks */ = {
			isa = PBXFrameworksBuildPhase;
			buildActionMask = 0;
			files = (
				OBJ_193 /* CommandShell.framework in Frameworks */,
				OBJ_194 /* Arguments.framework in Frameworks */,
				OBJ_195 /* Logger.framework in Frameworks */,
				OBJ_196 /* Docopt.framework in Frameworks */,
				OBJ_197 /* Runner.framework in Frameworks */,
			);
			runOnlyForDeploymentPostprocessing = 0;
		};
		OBJ_209 /* Frameworks */ = {
			isa = PBXFrameworksBuildPhase;
			buildActionMask = 0;
			files = (
			);
			runOnlyForDeploymentPostprocessing = 0;
		};
		OBJ_79 /* Frameworks */ = {
			isa = PBXFrameworksBuildPhase;
			buildActionMask = 0;
			files = (
				OBJ_80 /* Logger.framework in Frameworks */,
				OBJ_81 /* Docopt.framework in Frameworks */,
			);
			runOnlyForDeploymentPostprocessing = 0;
		};
		OBJ_98 /* Frameworks */ = {
			isa = PBXFrameworksBuildPhase;
			buildActionMask = 0;
			files = (
				OBJ_99 /* Arguments.framework in Frameworks */,
				OBJ_100 /* Logger.framework in Frameworks */,
				OBJ_101 /* Docopt.framework in Frameworks */,
				OBJ_102 /* Runner.framework in Frameworks */,
			);
			runOnlyForDeploymentPostprocessing = 0;
		};
/* End PBXFrameworksBuildPhase section */

/* Begin PBXGroup section */
		OBJ_10 /* ReleaseTools */ = {
			isa = PBXGroup;
			children = (
				OBJ_11 /* ArchiveCommand.swift */,
				OBJ_13 /* CompressCommand.swift */,
				OBJ_14 /* ExportCommand.swift */,
				OBJ_15 /* XcodeRunner.swift */,
				OBJ_16 /* main.swift */,
			);
			name = ReleaseTools;
			path = Sources/ReleaseTools;
			sourceTree = SOURCE_ROOT;
		};
		OBJ_17 /* Tests */ = {
			isa = PBXGroup;
			children = (
				OBJ_18 /* ReleaseToolsTests */,
			);
			name = Tests;
			sourceTree = SOURCE_ROOT;
		};
		OBJ_18 /* ReleaseToolsTests */ = {
			isa = PBXGroup;
			children = (
				OBJ_19 /* SketchXTests.swift */,
				OBJ_20 /* XCTestManifests.swift */,
			);
			name = ReleaseToolsTests;
			path = Tests/ReleaseToolsTests;
			sourceTree = SOURCE_ROOT;
		};
		OBJ_21 /* Dependencies */ = {
			isa = PBXGroup;
			children = (
				OBJ_22 /* Arguments 1.0.7 */,
				OBJ_26 /* Docopt 0.6.10 */,
				OBJ_44 /* Logger 1.3.4 */,
				OBJ_57 /* Runner */,
			);
			name = Dependencies;
			sourceTree = "<group>";
		};
		OBJ_22 /* Arguments 1.0.7 */ = {
			isa = PBXGroup;
			children = (
				OBJ_23 /* Arguments */,
				OBJ_25 /* Package.swift */,
			);
			name = "Arguments 1.0.7";
			sourceTree = SOURCE_ROOT;
		};
		OBJ_23 /* Arguments */ = {
			isa = PBXGroup;
			children = (
				OBJ_24 /* Arguments.swift */,
			);
			name = Arguments;
			path = .build/checkouts/Arguments/Sources/Arguments;
			sourceTree = SOURCE_ROOT;
		};
		OBJ_26 /* Docopt 0.6.10 */ = {
			isa = PBXGroup;
			children = (
				OBJ_27 /* Docopt */,
				OBJ_43 /* Package.swift */,
			);
			name = "Docopt 0.6.10";
			sourceTree = SOURCE_ROOT;
		};
		OBJ_27 /* Docopt */ = {
			isa = PBXGroup;
			children = (
				OBJ_28 /* Argument.swift */,
				OBJ_29 /* BranchPattern.swift */,
				OBJ_30 /* Command.swift */,
				OBJ_31 /* Docopt.swift */,
				OBJ_32 /* DocoptError.swift */,
				OBJ_33 /* Either.swift */,
				OBJ_34 /* LeafPattern.swift */,
				OBJ_35 /* OneOrMore.swift */,
				OBJ_36 /* Option.swift */,
				OBJ_37 /* Optional.swift */,
				OBJ_38 /* OptionsShortcut.swift */,
				OBJ_39 /* Pattern.swift */,
				OBJ_40 /* Required.swift */,
				OBJ_41 /* String.swift */,
				OBJ_42 /* Tokens.swift */,
			);
			name = Docopt;
			path = .build/checkouts/docopt.swift/Sources/Docopt;
			sourceTree = SOURCE_ROOT;
		};
		OBJ_44 /* Logger 1.3.4 */ = {
			isa = PBXGroup;
			children = (
				OBJ_45 /* Example */,
				OBJ_46 /* Logger */,
				OBJ_54 /* LoggerKit */,
				OBJ_55 /* LoggerTestSupport */,
				OBJ_56 /* Package.swift */,
			);
			name = "Logger 1.3.4";
			sourceTree = SOURCE_ROOT;
		};
		OBJ_45 /* Example */ = {
			isa = PBXGroup;
			children = (
			);
			name = Example;
			path = .build/checkouts/Logger/Sources/Example;
			sourceTree = SOURCE_ROOT;
		};
		OBJ_46 /* Logger */ = {
			isa = PBXGroup;
			children = (
				OBJ_47 /* Channel.swift */,
				OBJ_48 /* Context.swift */,
				OBJ_49 /* Handler.swift */,
				OBJ_50 /* Manager.swift */,
				OBJ_51 /* NSLogHandler.swift */,
				OBJ_52 /* OSLogHandler.swift */,
				OBJ_53 /* PrintHandler.swift */,
			);
			name = Logger;
			path = .build/checkouts/Logger/Sources/Logger;
			sourceTree = SOURCE_ROOT;
		};
		OBJ_5 /*  */ = {
			isa = PBXGroup;
			children = (
				OBJ_6 /* Package.swift */,
				OBJ_7 /* Sources */,
				OBJ_17 /* Tests */,
				OBJ_21 /* Dependencies */,
				OBJ_61 /* Products */,
				OBJ_69 /* Example */,
				OBJ_70 /* ReleaseTools.xcworkspace */,
				OBJ_71 /* Packages */,
				OBJ_72 /* README.md */,
			);
			name = "";
			sourceTree = "<group>";
		};
		OBJ_54 /* LoggerKit */ = {
			isa = PBXGroup;
			children = (
			);
			name = LoggerKit;
			path = .build/checkouts/Logger/Sources/LoggerKit;
			sourceTree = SOURCE_ROOT;
		};
		OBJ_55 /* LoggerTestSupport */ = {
			isa = PBXGroup;
			children = (
			);
			name = LoggerTestSupport;
			path = .build/checkouts/Logger/Sources/LoggerTestSupport;
			sourceTree = SOURCE_ROOT;
		};
		OBJ_57 /* Runner */ = {
			isa = PBXGroup;
			children = (
				OBJ_58 /* Runner */,
				OBJ_60 /* Package.swift */,
			);
			name = Runner;
			sourceTree = SOURCE_ROOT;
		};
		OBJ_58 /* Runner */ = {
			isa = PBXGroup;
			children = (
				OBJ_59 /* Runner.swift */,
			);
			name = Runner;
			path = Packages/runner/Sources/Runner;
			sourceTree = SOURCE_ROOT;
		};
		OBJ_61 /* Products */ = {
			isa = PBXGroup;
			children = (
				"Logger::Logger::Product" /* Logger.framework */,
				"Runner::Runner::Product" /* Runner.framework */,
				"Arguments::Arguments::Product" /* Arguments.framework */,
				"ReleaseTools::CommandShell::Product" /* CommandShell.framework */,
				"Docopt::Docopt::Product" /* Docopt.framework */,
				"ReleaseTools::ReleaseToolsTests::Product" /* ReleaseToolsTests.xctest */,
				"ReleaseTools::ReleaseTools::Product" /* ReleaseTools */,
			);
			name = Products;
			sourceTree = BUILT_PRODUCTS_DIR;
		};
		OBJ_7 /* Sources */ = {
			isa = PBXGroup;
			children = (
				OBJ_8 /* CommandShell */,
				OBJ_10 /* ReleaseTools */,
			);
			name = Sources;
			sourceTree = SOURCE_ROOT;
		};
		OBJ_8 /* CommandShell */ = {
			isa = PBXGroup;
			children = (
				OBJ_9 /* CommandShell.swift */,
				OBJ_12 /* Command.swift */,
				22E8E54122677D90001A3DEB /* Result.swift */,
			);
			name = CommandShell;
			path = Sources/CommandShell;
			sourceTree = SOURCE_ROOT;
		};
/* End PBXGroup section */

/* Begin PBXNativeTarget section */
		"Arguments::Arguments" /* Arguments */ = {
			isa = PBXNativeTarget;
			buildConfigurationList = OBJ_74 /* Build configuration list for PBXNativeTarget "Arguments" */;
			buildPhases = (
				OBJ_77 /* Sources */,
				OBJ_79 /* Frameworks */,
			);
			buildRules = (
			);
			dependencies = (
				OBJ_82 /* PBXTargetDependency */,
				OBJ_84 /* PBXTargetDependency */,
			);
			name = Arguments;
			productName = Arguments;
			productReference = "Arguments::Arguments::Product" /* Arguments.framework */;
			productType = "com.apple.product-type.framework";
		};
		"Arguments::SwiftPMPackageDescription" /* ArgumentsPackageDescription */ = {
			isa = PBXNativeTarget;
			buildConfigurationList = OBJ_87 /* Build configuration list for PBXNativeTarget "ArgumentsPackageDescription" */;
			buildPhases = (
				OBJ_90 /* Sources */,
			);
			buildRules = (
			);
			dependencies = (
			);
			name = ArgumentsPackageDescription;
			productName = ArgumentsPackageDescription;
			productType = "com.apple.product-type.framework";
		};
		"Docopt::Docopt" /* Docopt */ = {
			isa = PBXNativeTarget;
			buildConfigurationList = OBJ_108 /* Build configuration list for PBXNativeTarget "Docopt" */;
			buildPhases = (
				OBJ_111 /* Sources */,
				OBJ_127 /* Frameworks */,
			);
			buildRules = (
			);
			dependencies = (
			);
			name = Docopt;
			productName = Docopt;
			productReference = "Docopt::Docopt::Product" /* Docopt.framework */;
			productType = "com.apple.product-type.framework";
		};
		"Docopt::SwiftPMPackageDescription" /* DocoptPackageDescription */ = {
			isa = PBXNativeTarget;
			buildConfigurationList = OBJ_129 /* Build configuration list for PBXNativeTarget "DocoptPackageDescription" */;
			buildPhases = (
				OBJ_132 /* Sources */,
			);
			buildRules = (
			);
			dependencies = (
			);
			name = DocoptPackageDescription;
			productName = DocoptPackageDescription;
			productType = "com.apple.product-type.framework";
		};
		"Logger::Logger" /* Logger */ = {
			isa = PBXNativeTarget;
			buildConfigurationList = OBJ_134 /* Build configuration list for PBXNativeTarget "Logger" */;
			buildPhases = (
				OBJ_137 /* Sources */,
				OBJ_145 /* Frameworks */,
			);
			buildRules = (
			);
			dependencies = (
			);
			name = Logger;
			productName = Logger;
			productReference = "Logger::Logger::Product" /* Logger.framework */;
			productType = "com.apple.product-type.framework";
		};
		"Logger::SwiftPMPackageDescription" /* LoggerPackageDescription */ = {
			isa = PBXNativeTarget;
			buildConfigurationList = OBJ_147 /* Build configuration list for PBXNativeTarget "LoggerPackageDescription" */;
			buildPhases = (
				OBJ_150 /* Sources */,
			);
			buildRules = (
			);
			dependencies = (
			);
			name = LoggerPackageDescription;
			productName = LoggerPackageDescription;
			productType = "com.apple.product-type.framework";
		};
		"ReleaseTools::CommandShell" /* CommandShell */ = {
			isa = PBXNativeTarget;
			buildConfigurationList = OBJ_93 /* Build configuration list for PBXNativeTarget "CommandShell" */;
			buildPhases = (
				OBJ_96 /* Sources */,
				OBJ_98 /* Frameworks */,
			);
			buildRules = (
			);
			dependencies = (
				OBJ_103 /* PBXTargetDependency */,
				OBJ_104 /* PBXTargetDependency */,
				OBJ_105 /* PBXTargetDependency */,
				OBJ_106 /* PBXTargetDependency */,
			);
			name = CommandShell;
			productName = CommandShell;
			productReference = "ReleaseTools::CommandShell::Product" /* CommandShell.framework */;
			productType = "com.apple.product-type.framework";
		};
		"ReleaseTools::ReleaseTools" /* ReleaseTools */ = {
			isa = PBXNativeTarget;
			buildConfigurationList = OBJ_153 /* Build configuration list for PBXNativeTarget "ReleaseTools" */;
			buildPhases = (
				OBJ_156 /* Sources */,
				OBJ_163 /* Frameworks */,
			);
			buildRules = (
			);
			dependencies = (
				OBJ_169 /* PBXTargetDependency */,
				OBJ_170 /* PBXTargetDependency */,
				OBJ_171 /* PBXTargetDependency */,
				OBJ_172 /* PBXTargetDependency */,
				OBJ_173 /* PBXTargetDependency */,
			);
			name = ReleaseTools;
			productName = ReleaseTools;
			productReference = "ReleaseTools::ReleaseTools::Product" /* ReleaseTools */;
			productType = "com.apple.product-type.tool";
		};
		"ReleaseTools::ReleaseToolsTests" /* ReleaseToolsTests */ = {
			isa = PBXNativeTarget;
			buildConfigurationList = OBJ_186 /* Build configuration list for PBXNativeTarget "ReleaseToolsTests" */;
			buildPhases = (
				OBJ_189 /* Sources */,
				OBJ_192 /* Frameworks */,
			);
			buildRules = (
			);
			dependencies = (
				OBJ_198 /* PBXTargetDependency */,
				OBJ_199 /* PBXTargetDependency */,
				OBJ_200 /* PBXTargetDependency */,
				OBJ_201 /* PBXTargetDependency */,
				OBJ_202 /* PBXTargetDependency */,
				OBJ_203 /* PBXTargetDependency */,
			);
			name = ReleaseToolsTests;
			productName = ReleaseToolsTests;
			productReference = "ReleaseTools::ReleaseToolsTests::Product" /* ReleaseToolsTests.xctest */;
			productType = "com.apple.product-type.bundle.unit-test";
		};
		"ReleaseTools::SwiftPMPackageDescription" /* ReleaseToolsPackageDescription */ = {
			isa = PBXNativeTarget;
			buildConfigurationList = OBJ_175 /* Build configuration list for PBXNativeTarget "ReleaseToolsPackageDescription" */;
			buildPhases = (
				OBJ_178 /* Sources */,
			);
			buildRules = (
			);
			dependencies = (
			);
			name = ReleaseToolsPackageDescription;
			productName = ReleaseToolsPackageDescription;
			productType = "com.apple.product-type.framework";
		};
		"Runner::Runner" /* Runner */ = {
			isa = PBXNativeTarget;
			buildConfigurationList = OBJ_204 /* Build configuration list for PBXNativeTarget "Runner" */;
			buildPhases = (
				OBJ_207 /* Sources */,
				OBJ_209 /* Frameworks */,
			);
			buildRules = (
			);
			dependencies = (
			);
			name = Runner;
			productName = Runner;
			productReference = "Runner::Runner::Product" /* Runner.framework */;
			productType = "com.apple.product-type.framework";
		};
		"Runner::SwiftPMPackageDescription" /* RunnerPackageDescription */ = {
			isa = PBXNativeTarget;
			buildConfigurationList = OBJ_211 /* Build configuration list for PBXNativeTarget "RunnerPackageDescription" */;
			buildPhases = (
				OBJ_214 /* Sources */,
			);
			buildRules = (
			);
			dependencies = (
			);
			name = RunnerPackageDescription;
			productName = RunnerPackageDescription;
			productType = "com.apple.product-type.framework";
		};
/* End PBXNativeTarget section */

/* Begin PBXProject section */
		OBJ_1 /* Project object */ = {
			isa = PBXProject;
			attributes = {
				LastSwiftMigration = 9999;
				LastUpgradeCheck = 9999;
			};
			buildConfigurationList = OBJ_2 /* Build configuration list for PBXProject "ReleaseTools" */;
			compatibilityVersion = "Xcode 3.2";
			developmentRegion = English;
			hasScannedForEncodings = 0;
			knownRegions = (
				English,
				en,
			);
			mainGroup = OBJ_5 /*  */;
			productRefGroup = OBJ_61 /* Products */;
			projectDirPath = "";
			projectRoot = "";
			targets = (
				"Arguments::Arguments" /* Arguments */,
				"Arguments::SwiftPMPackageDescription" /* ArgumentsPackageDescription */,
				"ReleaseTools::CommandShell" /* CommandShell */,
				"Docopt::Docopt" /* Docopt */,
				"Docopt::SwiftPMPackageDescription" /* DocoptPackageDescription */,
				"Logger::Logger" /* Logger */,
				"Logger::SwiftPMPackageDescription" /* LoggerPackageDescription */,
				"ReleaseTools::ReleaseTools" /* ReleaseTools */,
				"ReleaseTools::SwiftPMPackageDescription" /* ReleaseToolsPackageDescription */,
				"ReleaseTools::ReleaseToolsPackageTests::ProductTarget" /* ReleaseToolsPackageTests */,
				"ReleaseTools::ReleaseToolsTests" /* ReleaseToolsTests */,
				"Runner::Runner" /* Runner */,
				"Runner::SwiftPMPackageDescription" /* RunnerPackageDescription */,
			);
		};
/* End PBXProject section */

/* Begin PBXSourcesBuildPhase section */
		OBJ_111 /* Sources */ = {
			isa = PBXSourcesBuildPhase;
			buildActionMask = 0;
			files = (
				OBJ_112 /* Argument.swift in Sources */,
				OBJ_113 /* BranchPattern.swift in Sources */,
				OBJ_114 /* Command.swift in Sources */,
				OBJ_115 /* Docopt.swift in Sources */,
				OBJ_116 /* DocoptError.swift in Sources */,
				OBJ_117 /* Either.swift in Sources */,
				OBJ_118 /* LeafPattern.swift in Sources */,
				OBJ_119 /* OneOrMore.swift in Sources */,
				OBJ_120 /* Option.swift in Sources */,
				OBJ_121 /* Optional.swift in Sources */,
				OBJ_122 /* OptionsShortcut.swift in Sources */,
				OBJ_123 /* Pattern.swift in Sources */,
				OBJ_124 /* Required.swift in Sources */,
				OBJ_125 /* String.swift in Sources */,
				OBJ_126 /* Tokens.swift in Sources */,
			);
			runOnlyForDeploymentPostprocessing = 0;
		};
		OBJ_132 /* Sources */ = {
			isa = PBXSourcesBuildPhase;
			buildActionMask = 0;
			files = (
				OBJ_133 /* Package.swift in Sources */,
			);
			runOnlyForDeploymentPostprocessing = 0;
		};
		OBJ_137 /* Sources */ = {
			isa = PBXSourcesBuildPhase;
			buildActionMask = 0;
			files = (
				OBJ_138 /* Channel.swift in Sources */,
				OBJ_139 /* Context.swift in Sources */,
				OBJ_140 /* Handler.swift in Sources */,
				OBJ_141 /* Manager.swift in Sources */,
				OBJ_142 /* NSLogHandler.swift in Sources */,
				OBJ_143 /* OSLogHandler.swift in Sources */,
				OBJ_144 /* PrintHandler.swift in Sources */,
			);
			runOnlyForDeploymentPostprocessing = 0;
		};
		OBJ_150 /* Sources */ = {
			isa = PBXSourcesBuildPhase;
			buildActionMask = 0;
			files = (
				OBJ_151 /* Package.swift in Sources */,
			);
			runOnlyForDeploymentPostprocessing = 0;
		};
		OBJ_156 /* Sources */ = {
			isa = PBXSourcesBuildPhase;
			buildActionMask = 0;
			files = (
				OBJ_157 /* ArchiveCommand.swift in Sources */,
				OBJ_159 /* CompressCommand.swift in Sources */,
				OBJ_160 /* ExportCommand.swift in Sources */,
				OBJ_161 /* XcodeRunner.swift in Sources */,
				OBJ_162 /* main.swift in Sources */,
			);
			runOnlyForDeploymentPostprocessing = 0;
		};
		OBJ_178 /* Sources */ = {
			isa = PBXSourcesBuildPhase;
			buildActionMask = 0;
			files = (
				OBJ_179 /* Package.swift in Sources */,
			);
			runOnlyForDeploymentPostprocessing = 0;
		};
		OBJ_189 /* Sources */ = {
			isa = PBXSourcesBuildPhase;
			buildActionMask = 0;
			files = (
				OBJ_190 /* SketchXTests.swift in Sources */,
				OBJ_191 /* XCTestManifests.swift in Sources */,
			);
			runOnlyForDeploymentPostprocessing = 0;
		};
		OBJ_207 /* Sources */ = {
			isa = PBXSourcesBuildPhase;
			buildActionMask = 0;
			files = (
				OBJ_208 /* Runner.swift in Sources */,
			);
			runOnlyForDeploymentPostprocessing = 0;
		};
		OBJ_214 /* Sources */ = {
			isa = PBXSourcesBuildPhase;
			buildActionMask = 0;
			files = (
				OBJ_215 /* Package.swift in Sources */,
			);
			runOnlyForDeploymentPostprocessing = 0;
		};
		OBJ_77 /* Sources */ = {
			isa = PBXSourcesBuildPhase;
			buildActionMask = 0;
			files = (
				OBJ_78 /* Arguments.swift in Sources */,
			);
			runOnlyForDeploymentPostprocessing = 0;
		};
		OBJ_90 /* Sources */ = {
			isa = PBXSourcesBuildPhase;
			buildActionMask = 0;
			files = (
				OBJ_91 /* Package.swift in Sources */,
			);
			runOnlyForDeploymentPostprocessing = 0;
		};
		OBJ_96 /* Sources */ = {
			isa = PBXSourcesBuildPhase;
			buildActionMask = 0;
			files = (
				OBJ_97 /* CommandShell.swift in Sources */,
				22E8E54022677886001A3DEB /* Command.swift in Sources */,
				22E8E54222677D90001A3DEB /* Result.swift in Sources */,
			);
			runOnlyForDeploymentPostprocessing = 0;
		};
/* End PBXSourcesBuildPhase section */

/* Begin PBXTargetDependency section */
		OBJ_103 /* PBXTargetDependency */ = {
			isa = PBXTargetDependency;
			target = "Arguments::Arguments" /* Arguments */;
			targetProxy = 22E8E52E2267787A001A3DEB /* PBXContainerItemProxy */;
		};
		OBJ_104 /* PBXTargetDependency */ = {
			isa = PBXTargetDependency;
			target = "Logger::Logger" /* Logger */;
			targetProxy = 22E8E5312267787A001A3DEB /* PBXContainerItemProxy */;
		};
		OBJ_105 /* PBXTargetDependency */ = {
			isa = PBXTargetDependency;
			target = "Docopt::Docopt" /* Docopt */;
			targetProxy = 22E8E5322267787A001A3DEB /* PBXContainerItemProxy */;
		};
		OBJ_106 /* PBXTargetDependency */ = {
			isa = PBXTargetDependency;
			target = "Runner::Runner" /* Runner */;
			targetProxy = 22E8E5332267787A001A3DEB /* PBXContainerItemProxy */;
		};
		OBJ_169 /* PBXTargetDependency */ = {
			isa = PBXTargetDependency;
			target = "ReleaseTools::CommandShell" /* CommandShell */;
			targetProxy = 22E8E5342267787A001A3DEB /* PBXContainerItemProxy */;
		};
		OBJ_170 /* PBXTargetDependency */ = {
			isa = PBXTargetDependency;
			target = "Arguments::Arguments" /* Arguments */;
			targetProxy = 22E8E5352267787A001A3DEB /* PBXContainerItemProxy */;
		};
		OBJ_171 /* PBXTargetDependency */ = {
			isa = PBXTargetDependency;
			target = "Logger::Logger" /* Logger */;
			targetProxy = 22E8E5362267787A001A3DEB /* PBXContainerItemProxy */;
		};
		OBJ_172 /* PBXTargetDependency */ = {
			isa = PBXTargetDependency;
			target = "Docopt::Docopt" /* Docopt */;
			targetProxy = 22E8E5372267787A001A3DEB /* PBXContainerItemProxy */;
		};
		OBJ_173 /* PBXTargetDependency */ = {
			isa = PBXTargetDependency;
			target = "Runner::Runner" /* Runner */;
			targetProxy = 22E8E5382267787A001A3DEB /* PBXContainerItemProxy */;
		};
		OBJ_184 /* PBXTargetDependency */ = {
			isa = PBXTargetDependency;
			target = "ReleaseTools::ReleaseToolsTests" /* ReleaseToolsTests */;
			targetProxy = 22E8E53F2267787C001A3DEB /* PBXContainerItemProxy */;
		};
		OBJ_198 /* PBXTargetDependency */ = {
			isa = PBXTargetDependency;
			target = "ReleaseTools::ReleaseTools" /* ReleaseTools */;
			targetProxy = 22E8E5392267787A001A3DEB /* PBXContainerItemProxy */;
		};
		OBJ_199 /* PBXTargetDependency */ = {
			isa = PBXTargetDependency;
			target = "ReleaseTools::CommandShell" /* CommandShell */;
			targetProxy = 22E8E53A2267787A001A3DEB /* PBXContainerItemProxy */;
		};
		OBJ_200 /* PBXTargetDependency */ = {
			isa = PBXTargetDependency;
			target = "Arguments::Arguments" /* Arguments */;
			targetProxy = 22E8E53B2267787A001A3DEB /* PBXContainerItemProxy */;
		};
		OBJ_201 /* PBXTargetDependency */ = {
			isa = PBXTargetDependency;
			target = "Logger::Logger" /* Logger */;
			targetProxy = 22E8E53C2267787A001A3DEB /* PBXContainerItemProxy */;
		};
		OBJ_202 /* PBXTargetDependency */ = {
			isa = PBXTargetDependency;
			target = "Docopt::Docopt" /* Docopt */;
			targetProxy = 22E8E53D2267787A001A3DEB /* PBXContainerItemProxy */;
		};
		OBJ_203 /* PBXTargetDependency */ = {
			isa = PBXTargetDependency;
			target = "Runner::Runner" /* Runner */;
			targetProxy = 22E8E53E2267787A001A3DEB /* PBXContainerItemProxy */;
		};
		OBJ_82 /* PBXTargetDependency */ = {
			isa = PBXTargetDependency;
			target = "Logger::Logger" /* Logger */;
			targetProxy = 22E8E52F2267787A001A3DEB /* PBXContainerItemProxy */;
		};
		OBJ_84 /* PBXTargetDependency */ = {
			isa = PBXTargetDependency;
			target = "Docopt::Docopt" /* Docopt */;
			targetProxy = 22E8E5302267787A001A3DEB /* PBXContainerItemProxy */;
		};
/* End PBXTargetDependency section */

/* Begin XCBuildConfiguration section */
		OBJ_109 /* Debug */ = {
			isa = XCBuildConfiguration;
			buildSettings = {
				ENABLE_TESTABILITY = YES;
				FRAMEWORK_SEARCH_PATHS = (
					"$(inherited)",
					"$(PLATFORM_DIR)/Developer/Library/Frameworks",
				);
				HEADER_SEARCH_PATHS = "$(inherited)";
				INFOPLIST_FILE = ReleaseTools.xcodeproj/Docopt_Info.plist;
				LD_RUNPATH_SEARCH_PATHS = "$(inherited) $(TOOLCHAIN_DIR)/usr/lib/swift/macosx";
				OTHER_CFLAGS = "$(inherited)";
				OTHER_LDFLAGS = "$(inherited)";
				OTHER_SWIFT_FLAGS = "$(inherited)";
				PRODUCT_BUNDLE_IDENTIFIER = Docopt;
				PRODUCT_MODULE_NAME = "$(TARGET_NAME:c99extidentifier)";
				PRODUCT_NAME = "$(TARGET_NAME:c99extidentifier)";
				SKIP_INSTALL = YES;
				SWIFT_ACTIVE_COMPILATION_CONDITIONS = "$(inherited)";
				SWIFT_VERSION = 4.0;
				TARGET_NAME = Docopt;
			};
			name = Debug;
		};
		OBJ_110 /* Release */ = {
			isa = XCBuildConfiguration;
			buildSettings = {
				ENABLE_TESTABILITY = YES;
				FRAMEWORK_SEARCH_PATHS = (
					"$(inherited)",
					"$(PLATFORM_DIR)/Developer/Library/Frameworks",
				);
				HEADER_SEARCH_PATHS = "$(inherited)";
				INFOPLIST_FILE = ReleaseTools.xcodeproj/Docopt_Info.plist;
				LD_RUNPATH_SEARCH_PATHS = "$(inherited) $(TOOLCHAIN_DIR)/usr/lib/swift/macosx";
				OTHER_CFLAGS = "$(inherited)";
				OTHER_LDFLAGS = "$(inherited)";
				OTHER_SWIFT_FLAGS = "$(inherited)";
				PRODUCT_BUNDLE_IDENTIFIER = Docopt;
				PRODUCT_MODULE_NAME = "$(TARGET_NAME:c99extidentifier)";
				PRODUCT_NAME = "$(TARGET_NAME:c99extidentifier)";
				SKIP_INSTALL = YES;
				SWIFT_ACTIVE_COMPILATION_CONDITIONS = "$(inherited)";
				SWIFT_VERSION = 4.0;
				TARGET_NAME = Docopt;
			};
			name = Release;
		};
		OBJ_130 /* Debug */ = {
			isa = XCBuildConfiguration;
			buildSettings = {
				LD = /usr/bin/true;
				OTHER_SWIFT_FLAGS = "-swift-version 4 -I $(TOOLCHAIN_DIR)/usr/lib/swift/pm/4 -target x86_64-apple-macosx10.10 -sdk /Applications/Xcode10.2.app/Contents/Developer/Platforms/MacOSX.platform/Developer/SDKs/MacOSX10.14.sdk";
				SWIFT_VERSION = 4.0;
			};
			name = Debug;
		};
		OBJ_131 /* Release */ = {
			isa = XCBuildConfiguration;
			buildSettings = {
				LD = /usr/bin/true;
				OTHER_SWIFT_FLAGS = "-swift-version 4 -I $(TOOLCHAIN_DIR)/usr/lib/swift/pm/4 -target x86_64-apple-macosx10.10 -sdk /Applications/Xcode10.2.app/Contents/Developer/Platforms/MacOSX.platform/Developer/SDKs/MacOSX10.14.sdk";
				SWIFT_VERSION = 4.0;
			};
			name = Release;
		};
		OBJ_135 /* Debug */ = {
			isa = XCBuildConfiguration;
			buildSettings = {
				ENABLE_TESTABILITY = YES;
				FRAMEWORK_SEARCH_PATHS = (
					"$(inherited)",
					"$(PLATFORM_DIR)/Developer/Library/Frameworks",
				);
				HEADER_SEARCH_PATHS = "$(inherited)";
				INFOPLIST_FILE = ReleaseTools.xcodeproj/Logger_Info.plist;
				LD_RUNPATH_SEARCH_PATHS = "$(inherited) $(TOOLCHAIN_DIR)/usr/lib/swift/macosx";
				OTHER_CFLAGS = "$(inherited)";
				OTHER_LDFLAGS = "$(inherited)";
				OTHER_SWIFT_FLAGS = "$(inherited)";
				PRODUCT_BUNDLE_IDENTIFIER = Logger;
				PRODUCT_MODULE_NAME = "$(TARGET_NAME:c99extidentifier)";
				PRODUCT_NAME = "$(TARGET_NAME:c99extidentifier)";
				SKIP_INSTALL = YES;
				SWIFT_ACTIVE_COMPILATION_CONDITIONS = "$(inherited)";
				SWIFT_VERSION = 4.2;
				TARGET_NAME = Logger;
			};
			name = Debug;
		};
		OBJ_136 /* Release */ = {
			isa = XCBuildConfiguration;
			buildSettings = {
				ENABLE_TESTABILITY = YES;
				FRAMEWORK_SEARCH_PATHS = (
					"$(inherited)",
					"$(PLATFORM_DIR)/Developer/Library/Frameworks",
				);
				HEADER_SEARCH_PATHS = "$(inherited)";
				INFOPLIST_FILE = ReleaseTools.xcodeproj/Logger_Info.plist;
				LD_RUNPATH_SEARCH_PATHS = "$(inherited) $(TOOLCHAIN_DIR)/usr/lib/swift/macosx";
				OTHER_CFLAGS = "$(inherited)";
				OTHER_LDFLAGS = "$(inherited)";
				OTHER_SWIFT_FLAGS = "$(inherited)";
				PRODUCT_BUNDLE_IDENTIFIER = Logger;
				PRODUCT_MODULE_NAME = "$(TARGET_NAME:c99extidentifier)";
				PRODUCT_NAME = "$(TARGET_NAME:c99extidentifier)";
				SKIP_INSTALL = YES;
				SWIFT_ACTIVE_COMPILATION_CONDITIONS = "$(inherited)";
				SWIFT_VERSION = 4.2;
				TARGET_NAME = Logger;
			};
			name = Release;
		};
		OBJ_148 /* Debug */ = {
			isa = XCBuildConfiguration;
			buildSettings = {
				LD = /usr/bin/true;
				OTHER_SWIFT_FLAGS = "-swift-version 4.2 -I $(TOOLCHAIN_DIR)/usr/lib/swift/pm/4_2 -target x86_64-apple-macosx10.10 -sdk /Applications/Xcode10.2.app/Contents/Developer/Platforms/MacOSX.platform/Developer/SDKs/MacOSX10.14.sdk";
				SWIFT_VERSION = 4.2;
			};
			name = Debug;
		};
		OBJ_149 /* Release */ = {
			isa = XCBuildConfiguration;
			buildSettings = {
				LD = /usr/bin/true;
				OTHER_SWIFT_FLAGS = "-swift-version 4.2 -I $(TOOLCHAIN_DIR)/usr/lib/swift/pm/4_2 -target x86_64-apple-macosx10.10 -sdk /Applications/Xcode10.2.app/Contents/Developer/Platforms/MacOSX.platform/Developer/SDKs/MacOSX10.14.sdk";
				SWIFT_VERSION = 4.2;
			};
			name = Release;
		};
		OBJ_154 /* Debug */ = {
			isa = XCBuildConfiguration;
			buildSettings = {
				FRAMEWORK_SEARCH_PATHS = (
					"$(inherited)",
					"$(PLATFORM_DIR)/Developer/Library/Frameworks",
				);
				HEADER_SEARCH_PATHS = "$(inherited)";
				INFOPLIST_FILE = ReleaseTools.xcodeproj/ReleaseTools_Info.plist;
				LD_RUNPATH_SEARCH_PATHS = "$(inherited) $(TOOLCHAIN_DIR)/usr/lib/swift/macosx @executable_path";
				OTHER_CFLAGS = "$(inherited)";
				OTHER_LDFLAGS = "$(inherited)";
				OTHER_SWIFT_FLAGS = "$(inherited)";
				SWIFT_ACTIVE_COMPILATION_CONDITIONS = "$(inherited)";
				SWIFT_FORCE_DYNAMIC_LINK_STDLIB = YES;
				SWIFT_FORCE_STATIC_LINK_STDLIB = NO;
				SWIFT_VERSION = 4.2;
				TARGET_NAME = ReleaseTools;
			};
			name = Debug;
		};
		OBJ_155 /* Release */ = {
			isa = XCBuildConfiguration;
			buildSettings = {
				FRAMEWORK_SEARCH_PATHS = (
					"$(inherited)",
					"$(PLATFORM_DIR)/Developer/Library/Frameworks",
				);
				HEADER_SEARCH_PATHS = "$(inherited)";
				INFOPLIST_FILE = ReleaseTools.xcodeproj/ReleaseTools_Info.plist;
				LD_RUNPATH_SEARCH_PATHS = "$(inherited) $(TOOLCHAIN_DIR)/usr/lib/swift/macosx @executable_path";
				OTHER_CFLAGS = "$(inherited)";
				OTHER_LDFLAGS = "$(inherited)";
				OTHER_SWIFT_FLAGS = "$(inherited)";
				SWIFT_ACTIVE_COMPILATION_CONDITIONS = "$(inherited)";
				SWIFT_FORCE_DYNAMIC_LINK_STDLIB = YES;
				SWIFT_FORCE_STATIC_LINK_STDLIB = NO;
				SWIFT_VERSION = 4.2;
				TARGET_NAME = ReleaseTools;
			};
			name = Release;
		};
		OBJ_176 /* Debug */ = {
			isa = XCBuildConfiguration;
			buildSettings = {
				LD = /usr/bin/true;
				OTHER_SWIFT_FLAGS = "-swift-version 4.2 -I $(TOOLCHAIN_DIR)/usr/lib/swift/pm/4_2 -target x86_64-apple-macosx10.10 -sdk /Applications/Xcode10.2.app/Contents/Developer/Platforms/MacOSX.platform/Developer/SDKs/MacOSX10.14.sdk";
				SWIFT_VERSION = 4.2;
			};
			name = Debug;
		};
		OBJ_177 /* Release */ = {
			isa = XCBuildConfiguration;
			buildSettings = {
				LD = /usr/bin/true;
				OTHER_SWIFT_FLAGS = "-swift-version 4.2 -I $(TOOLCHAIN_DIR)/usr/lib/swift/pm/4_2 -target x86_64-apple-macosx10.10 -sdk /Applications/Xcode10.2.app/Contents/Developer/Platforms/MacOSX.platform/Developer/SDKs/MacOSX10.14.sdk";
				SWIFT_VERSION = 4.2;
			};
			name = Release;
		};
		OBJ_182 /* Debug */ = {
			isa = XCBuildConfiguration;
			buildSettings = {
			};
			name = Debug;
		};
		OBJ_183 /* Release */ = {
			isa = XCBuildConfiguration;
			buildSettings = {
			};
			name = Release;
		};
		OBJ_187 /* Debug */ = {
			isa = XCBuildConfiguration;
			buildSettings = {
				CLANG_ENABLE_MODULES = YES;
				EMBEDDED_CONTENT_CONTAINS_SWIFT = YES;
				FRAMEWORK_SEARCH_PATHS = (
					"$(inherited)",
					"$(PLATFORM_DIR)/Developer/Library/Frameworks",
				);
				HEADER_SEARCH_PATHS = "$(inherited)";
				INFOPLIST_FILE = ReleaseTools.xcodeproj/ReleaseToolsTests_Info.plist;
				LD_RUNPATH_SEARCH_PATHS = "$(inherited) @loader_path/../Frameworks @loader_path/Frameworks";
				OTHER_CFLAGS = "$(inherited)";
				OTHER_LDFLAGS = "$(inherited)";
				OTHER_SWIFT_FLAGS = "$(inherited)";
				SWIFT_ACTIVE_COMPILATION_CONDITIONS = "$(inherited)";
				SWIFT_VERSION = 4.2;
				TARGET_NAME = ReleaseToolsTests;
			};
			name = Debug;
		};
		OBJ_188 /* Release */ = {
			isa = XCBuildConfiguration;
			buildSettings = {
				CLANG_ENABLE_MODULES = YES;
				EMBEDDED_CONTENT_CONTAINS_SWIFT = YES;
				FRAMEWORK_SEARCH_PATHS = (
					"$(inherited)",
					"$(PLATFORM_DIR)/Developer/Library/Frameworks",
				);
				HEADER_SEARCH_PATHS = "$(inherited)";
				INFOPLIST_FILE = ReleaseTools.xcodeproj/ReleaseToolsTests_Info.plist;
				LD_RUNPATH_SEARCH_PATHS = "$(inherited) @loader_path/../Frameworks @loader_path/Frameworks";
				OTHER_CFLAGS = "$(inherited)";
				OTHER_LDFLAGS = "$(inherited)";
				OTHER_SWIFT_FLAGS = "$(inherited)";
				SWIFT_ACTIVE_COMPILATION_CONDITIONS = "$(inherited)";
				SWIFT_VERSION = 4.2;
				TARGET_NAME = ReleaseToolsTests;
			};
			name = Release;
		};
		OBJ_205 /* Debug */ = {
			isa = XCBuildConfiguration;
			buildSettings = {
				ENABLE_TESTABILITY = YES;
				FRAMEWORK_SEARCH_PATHS = (
					"$(inherited)",
					"$(PLATFORM_DIR)/Developer/Library/Frameworks",
				);
				HEADER_SEARCH_PATHS = "$(inherited)";
				INFOPLIST_FILE = ReleaseTools.xcodeproj/Runner_Info.plist;
				LD_RUNPATH_SEARCH_PATHS = "$(inherited) $(TOOLCHAIN_DIR)/usr/lib/swift/macosx";
				OTHER_CFLAGS = "$(inherited)";
				OTHER_LDFLAGS = "$(inherited)";
				OTHER_SWIFT_FLAGS = "$(inherited)";
				PRODUCT_BUNDLE_IDENTIFIER = Runner;
				PRODUCT_MODULE_NAME = "$(TARGET_NAME:c99extidentifier)";
				PRODUCT_NAME = "$(TARGET_NAME:c99extidentifier)";
				SKIP_INSTALL = YES;
				SWIFT_ACTIVE_COMPILATION_CONDITIONS = "$(inherited)";
				SWIFT_VERSION = 4.2;
				TARGET_NAME = Runner;
			};
			name = Debug;
		};
		OBJ_206 /* Release */ = {
			isa = XCBuildConfiguration;
			buildSettings = {
				ENABLE_TESTABILITY = YES;
				FRAMEWORK_SEARCH_PATHS = (
					"$(inherited)",
					"$(PLATFORM_DIR)/Developer/Library/Frameworks",
				);
				HEADER_SEARCH_PATHS = "$(inherited)";
				INFOPLIST_FILE = ReleaseTools.xcodeproj/Runner_Info.plist;
				LD_RUNPATH_SEARCH_PATHS = "$(inherited) $(TOOLCHAIN_DIR)/usr/lib/swift/macosx";
				OTHER_CFLAGS = "$(inherited)";
				OTHER_LDFLAGS = "$(inherited)";
				OTHER_SWIFT_FLAGS = "$(inherited)";
				PRODUCT_BUNDLE_IDENTIFIER = Runner;
				PRODUCT_MODULE_NAME = "$(TARGET_NAME:c99extidentifier)";
				PRODUCT_NAME = "$(TARGET_NAME:c99extidentifier)";
				SKIP_INSTALL = YES;
				SWIFT_ACTIVE_COMPILATION_CONDITIONS = "$(inherited)";
				SWIFT_VERSION = 4.2;
				TARGET_NAME = Runner;
			};
			name = Release;
		};
		OBJ_212 /* Debug */ = {
			isa = XCBuildConfiguration;
			buildSettings = {
				LD = /usr/bin/true;
				OTHER_SWIFT_FLAGS = "-swift-version 4.2 -I $(TOOLCHAIN_DIR)/usr/lib/swift/pm/4_2 -target x86_64-apple-macosx10.10 -sdk /Applications/Xcode10.2.app/Contents/Developer/Platforms/MacOSX.platform/Developer/SDKs/MacOSX10.14.sdk";
				SWIFT_VERSION = 4.2;
			};
			name = Debug;
		};
		OBJ_213 /* Release */ = {
			isa = XCBuildConfiguration;
			buildSettings = {
				LD = /usr/bin/true;
				OTHER_SWIFT_FLAGS = "-swift-version 4.2 -I $(TOOLCHAIN_DIR)/usr/lib/swift/pm/4_2 -target x86_64-apple-macosx10.10 -sdk /Applications/Xcode10.2.app/Contents/Developer/Platforms/MacOSX.platform/Developer/SDKs/MacOSX10.14.sdk";
				SWIFT_VERSION = 4.2;
			};
			name = Release;
		};
		OBJ_3 /* Debug */ = {
			isa = XCBuildConfiguration;
			buildSettings = {
				CLANG_ENABLE_OBJC_ARC = YES;
				COMBINE_HIDPI_IMAGES = YES;
				COPY_PHASE_STRIP = NO;
				DEBUG_INFORMATION_FORMAT = dwarf;
				DYLIB_INSTALL_NAME_BASE = "@rpath";
				ENABLE_NS_ASSERTIONS = YES;
				GCC_OPTIMIZATION_LEVEL = 0;
				GCC_PREPROCESSOR_DEFINITIONS = (
					"$(inherited)",
					"SWIFT_PACKAGE=1",
					"DEBUG=1",
				);
				MACOSX_DEPLOYMENT_TARGET = 10.10;
				ONLY_ACTIVE_ARCH = YES;
				OTHER_SWIFT_FLAGS = "-DXcode";
				PRODUCT_NAME = "$(TARGET_NAME)";
				SDKROOT = macosx;
				SUPPORTED_PLATFORMS = "macosx iphoneos iphonesimulator appletvos appletvsimulator watchos watchsimulator";
				SWIFT_ACTIVE_COMPILATION_CONDITIONS = "$(inherited) SWIFT_PACKAGE DEBUG";
				SWIFT_OPTIMIZATION_LEVEL = "-Onone";
				USE_HEADERMAP = NO;
			};
			name = Debug;
		};
		OBJ_4 /* Release */ = {
			isa = XCBuildConfiguration;
			buildSettings = {
				CLANG_ENABLE_OBJC_ARC = YES;
				COMBINE_HIDPI_IMAGES = YES;
				COPY_PHASE_STRIP = YES;
				DEBUG_INFORMATION_FORMAT = "dwarf-with-dsym";
				DYLIB_INSTALL_NAME_BASE = "@rpath";
				GCC_OPTIMIZATION_LEVEL = s;
				GCC_PREPROCESSOR_DEFINITIONS = (
					"$(inherited)",
					"SWIFT_PACKAGE=1",
				);
				MACOSX_DEPLOYMENT_TARGET = 10.10;
				OTHER_SWIFT_FLAGS = "-DXcode";
				PRODUCT_NAME = "$(TARGET_NAME)";
				SDKROOT = macosx;
				SUPPORTED_PLATFORMS = "macosx iphoneos iphonesimulator appletvos appletvsimulator watchos watchsimulator";
				SWIFT_ACTIVE_COMPILATION_CONDITIONS = "$(inherited) SWIFT_PACKAGE";
				SWIFT_OPTIMIZATION_LEVEL = "-Owholemodule";
				USE_HEADERMAP = NO;
			};
			name = Release;
		};
		OBJ_75 /* Debug */ = {
			isa = XCBuildConfiguration;
			buildSettings = {
				ENABLE_TESTABILITY = YES;
				FRAMEWORK_SEARCH_PATHS = (
					"$(inherited)",
					"$(PLATFORM_DIR)/Developer/Library/Frameworks",
				);
				HEADER_SEARCH_PATHS = "$(inherited)";
				INFOPLIST_FILE = ReleaseTools.xcodeproj/Arguments_Info.plist;
				LD_RUNPATH_SEARCH_PATHS = "$(inherited) $(TOOLCHAIN_DIR)/usr/lib/swift/macosx";
				OTHER_CFLAGS = "$(inherited)";
				OTHER_LDFLAGS = "$(inherited)";
				OTHER_SWIFT_FLAGS = "$(inherited)";
				PRODUCT_BUNDLE_IDENTIFIER = Arguments;
				PRODUCT_MODULE_NAME = "$(TARGET_NAME:c99extidentifier)";
				PRODUCT_NAME = "$(TARGET_NAME:c99extidentifier)";
				SKIP_INSTALL = YES;
				SWIFT_ACTIVE_COMPILATION_CONDITIONS = "$(inherited)";
				SWIFT_VERSION = 4.2;
				TARGET_NAME = Arguments;
			};
			name = Debug;
		};
		OBJ_76 /* Release */ = {
			isa = XCBuildConfiguration;
			buildSettings = {
				ENABLE_TESTABILITY = YES;
				FRAMEWORK_SEARCH_PATHS = (
					"$(inherited)",
					"$(PLATFORM_DIR)/Developer/Library/Frameworks",
				);
				HEADER_SEARCH_PATHS = "$(inherited)";
				INFOPLIST_FILE = ReleaseTools.xcodeproj/Arguments_Info.plist;
				LD_RUNPATH_SEARCH_PATHS = "$(inherited) $(TOOLCHAIN_DIR)/usr/lib/swift/macosx";
				OTHER_CFLAGS = "$(inherited)";
				OTHER_LDFLAGS = "$(inherited)";
				OTHER_SWIFT_FLAGS = "$(inherited)";
				PRODUCT_BUNDLE_IDENTIFIER = Arguments;
				PRODUCT_MODULE_NAME = "$(TARGET_NAME:c99extidentifier)";
				PRODUCT_NAME = "$(TARGET_NAME:c99extidentifier)";
				SKIP_INSTALL = YES;
				SWIFT_ACTIVE_COMPILATION_CONDITIONS = "$(inherited)";
				SWIFT_VERSION = 4.2;
				TARGET_NAME = Arguments;
			};
			name = Release;
		};
		OBJ_88 /* Debug */ = {
			isa = XCBuildConfiguration;
			buildSettings = {
				LD = /usr/bin/true;
				OTHER_SWIFT_FLAGS = "-swift-version 4.2 -I $(TOOLCHAIN_DIR)/usr/lib/swift/pm/4_2 -target x86_64-apple-macosx10.10 -sdk /Applications/Xcode10.2.app/Contents/Developer/Platforms/MacOSX.platform/Developer/SDKs/MacOSX10.14.sdk";
				SWIFT_VERSION = 4.2;
			};
			name = Debug;
		};
		OBJ_89 /* Release */ = {
			isa = XCBuildConfiguration;
			buildSettings = {
				LD = /usr/bin/true;
				OTHER_SWIFT_FLAGS = "-swift-version 4.2 -I $(TOOLCHAIN_DIR)/usr/lib/swift/pm/4_2 -target x86_64-apple-macosx10.10 -sdk /Applications/Xcode10.2.app/Contents/Developer/Platforms/MacOSX.platform/Developer/SDKs/MacOSX10.14.sdk";
				SWIFT_VERSION = 4.2;
			};
			name = Release;
		};
		OBJ_94 /* Debug */ = {
			isa = XCBuildConfiguration;
			buildSettings = {
				ENABLE_TESTABILITY = YES;
				FRAMEWORK_SEARCH_PATHS = (
					"$(inherited)",
					"$(PLATFORM_DIR)/Developer/Library/Frameworks",
				);
				HEADER_SEARCH_PATHS = "$(inherited)";
				INFOPLIST_FILE = ReleaseTools.xcodeproj/CommandShell_Info.plist;
				LD_RUNPATH_SEARCH_PATHS = "$(inherited) $(TOOLCHAIN_DIR)/usr/lib/swift/macosx";
				OTHER_CFLAGS = "$(inherited)";
				OTHER_LDFLAGS = "$(inherited)";
				OTHER_SWIFT_FLAGS = "$(inherited)";
				PRODUCT_BUNDLE_IDENTIFIER = CommandShell;
				PRODUCT_MODULE_NAME = "$(TARGET_NAME:c99extidentifier)";
				PRODUCT_NAME = "$(TARGET_NAME:c99extidentifier)";
				SKIP_INSTALL = YES;
				SWIFT_ACTIVE_COMPILATION_CONDITIONS = "$(inherited)";
				SWIFT_VERSION = 4.2;
				TARGET_NAME = CommandShell;
			};
			name = Debug;
		};
		OBJ_95 /* Release */ = {
			isa = XCBuildConfiguration;
			buildSettings = {
				ENABLE_TESTABILITY = YES;
				FRAMEWORK_SEARCH_PATHS = (
					"$(inherited)",
					"$(PLATFORM_DIR)/Developer/Library/Frameworks",
				);
				HEADER_SEARCH_PATHS = "$(inherited)";
				INFOPLIST_FILE = ReleaseTools.xcodeproj/CommandShell_Info.plist;
				LD_RUNPATH_SEARCH_PATHS = "$(inherited) $(TOOLCHAIN_DIR)/usr/lib/swift/macosx";
				OTHER_CFLAGS = "$(inherited)";
				OTHER_LDFLAGS = "$(inherited)";
				OTHER_SWIFT_FLAGS = "$(inherited)";
				PRODUCT_BUNDLE_IDENTIFIER = CommandShell;
				PRODUCT_MODULE_NAME = "$(TARGET_NAME:c99extidentifier)";
				PRODUCT_NAME = "$(TARGET_NAME:c99extidentifier)";
				SKIP_INSTALL = YES;
				SWIFT_ACTIVE_COMPILATION_CONDITIONS = "$(inherited)";
				SWIFT_VERSION = 4.2;
				TARGET_NAME = CommandShell;
			};
			name = Release;
		};
/* End XCBuildConfiguration section */

/* Begin XCConfigurationList section */
		OBJ_108 /* Build configuration list for PBXNativeTarget "Docopt" */ = {
			isa = XCConfigurationList;
			buildConfigurations = (
				OBJ_109 /* Debug */,
				OBJ_110 /* Release */,
			);
			defaultConfigurationIsVisible = 0;
			defaultConfigurationName = Release;
		};
		OBJ_129 /* Build configuration list for PBXNativeTarget "DocoptPackageDescription" */ = {
			isa = XCConfigurationList;
			buildConfigurations = (
				OBJ_130 /* Debug */,
				OBJ_131 /* Release */,
			);
			defaultConfigurationIsVisible = 0;
			defaultConfigurationName = Release;
		};
		OBJ_134 /* Build configuration list for PBXNativeTarget "Logger" */ = {
			isa = XCConfigurationList;
			buildConfigurations = (
				OBJ_135 /* Debug */,
				OBJ_136 /* Release */,
			);
			defaultConfigurationIsVisible = 0;
			defaultConfigurationName = Release;
		};
		OBJ_147 /* Build configuration list for PBXNativeTarget "LoggerPackageDescription" */ = {
			isa = XCConfigurationList;
			buildConfigurations = (
				OBJ_148 /* Debug */,
				OBJ_149 /* Release */,
			);
			defaultConfigurationIsVisible = 0;
			defaultConfigurationName = Release;
		};
		OBJ_153 /* Build configuration list for PBXNativeTarget "ReleaseTools" */ = {
			isa = XCConfigurationList;
			buildConfigurations = (
				OBJ_154 /* Debug */,
				OBJ_155 /* Release */,
			);
			defaultConfigurationIsVisible = 0;
			defaultConfigurationName = Release;
		};
		OBJ_175 /* Build configuration list for PBXNativeTarget "ReleaseToolsPackageDescription" */ = {
			isa = XCConfigurationList;
			buildConfigurations = (
				OBJ_176 /* Debug */,
				OBJ_177 /* Release */,
			);
			defaultConfigurationIsVisible = 0;
			defaultConfigurationName = Release;
		};
		OBJ_181 /* Build configuration list for PBXAggregateTarget "ReleaseToolsPackageTests" */ = {
			isa = XCConfigurationList;
			buildConfigurations = (
				OBJ_182 /* Debug */,
				OBJ_183 /* Release */,
			);
			defaultConfigurationIsVisible = 0;
			defaultConfigurationName = Release;
		};
		OBJ_186 /* Build configuration list for PBXNativeTarget "ReleaseToolsTests" */ = {
			isa = XCConfigurationList;
			buildConfigurations = (
				OBJ_187 /* Debug */,
				OBJ_188 /* Release */,
			);
			defaultConfigurationIsVisible = 0;
			defaultConfigurationName = Release;
		};
		OBJ_2 /* Build configuration list for PBXProject "ReleaseTools" */ = {
			isa = XCConfigurationList;
			buildConfigurations = (
				OBJ_3 /* Debug */,
				OBJ_4 /* Release */,
			);
			defaultConfigurationIsVisible = 0;
			defaultConfigurationName = Release;
		};
		OBJ_204 /* Build configuration list for PBXNativeTarget "Runner" */ = {
			isa = XCConfigurationList;
			buildConfigurations = (
				OBJ_205 /* Debug */,
				OBJ_206 /* Release */,
			);
			defaultConfigurationIsVisible = 0;
			defaultConfigurationName = Release;
		};
		OBJ_211 /* Build configuration list for PBXNativeTarget "RunnerPackageDescription" */ = {
			isa = XCConfigurationList;
			buildConfigurations = (
				OBJ_212 /* Debug */,
				OBJ_213 /* Release */,
			);
			defaultConfigurationIsVisible = 0;
			defaultConfigurationName = Release;
		};
		OBJ_74 /* Build configuration list for PBXNativeTarget "Arguments" */ = {
			isa = XCConfigurationList;
			buildConfigurations = (
				OBJ_75 /* Debug */,
				OBJ_76 /* Release */,
			);
			defaultConfigurationIsVisible = 0;
			defaultConfigurationName = Release;
		};
		OBJ_87 /* Build configuration list for PBXNativeTarget "ArgumentsPackageDescription" */ = {
			isa = XCConfigurationList;
			buildConfigurations = (
				OBJ_88 /* Debug */,
				OBJ_89 /* Release */,
			);
			defaultConfigurationIsVisible = 0;
			defaultConfigurationName = Release;
		};
		OBJ_93 /* Build configuration list for PBXNativeTarget "CommandShell" */ = {
			isa = XCConfigurationList;
			buildConfigurations = (
				OBJ_94 /* Debug */,
				OBJ_95 /* Release */,
			);
			defaultConfigurationIsVisible = 0;
			defaultConfigurationName = Release;
		};
/* End XCConfigurationList section */
	};
	rootObject = OBJ_1 /* Project object */;
}
