// !$*UTF8*$!
{
	archiveVersion = 1;
	classes = {
	};
	objectVersion = 46;
	objects = {

/* Begin PBXAggregateTarget section */
		"ReleaseTools::ReleaseToolsPackageTests::ProductTarget" /* ReleaseToolsPackageTests */ = {
			isa = PBXAggregateTarget;
			buildConfigurationList = OBJ_203 /* Build configuration list for PBXAggregateTarget "ReleaseToolsPackageTests" */;
			buildPhases = (
			);
			dependencies = (
				OBJ_206 /* PBXTargetDependency */,
			);
			name = ReleaseToolsPackageTests;
			productName = ReleaseToolsPackageTests;
		};
		"ReleaseTools::rt::ProductTarget" /* rt */ = {
			isa = PBXAggregateTarget;
			buildConfigurationList = OBJ_239 /* Build configuration list for PBXAggregateTarget "rt" */;
			buildPhases = (
			);
			dependencies = (
				OBJ_242 /* PBXTargetDependency */,
			);
			name = rt;
			productName = rt;
		};
/* End PBXAggregateTarget section */

/* Begin PBXBuildFile section */
		22B11ED322A56CE2003FA7D7 /* XcodeRunner.swift in Sources */ = {isa = PBXBuildFile; fileRef = 22B11ED122A56AE7003FA7D7 /* XcodeRunner.swift */; };
		OBJ_100 /* Package.swift in Sources */ = {isa = PBXBuildFile; fileRef = OBJ_36 /* Package.swift */; };
		OBJ_106 /* Command.swift in Sources */ = {isa = PBXBuildFile; fileRef = OBJ_28 /* Command.swift */; };
		OBJ_107 /* CommandLine+CommandShell.swift in Sources */ = {isa = PBXBuildFile; fileRef = OBJ_29 /* CommandLine+CommandShell.swift */; };
		OBJ_108 /* CommandShell.swift in Sources */ = {isa = PBXBuildFile; fileRef = OBJ_30 /* CommandShell.swift */; };
		OBJ_109 /* Result.swift in Sources */ = {isa = PBXBuildFile; fileRef = OBJ_31 /* Result.swift */; };
		OBJ_111 /* Arguments.framework in Frameworks */ = {isa = PBXBuildFile; fileRef = "Arguments::Arguments::Product" /* Arguments.framework */; };
		OBJ_112 /* Logger.framework in Frameworks */ = {isa = PBXBuildFile; fileRef = "Logger::Logger::Product" /* Logger.framework */; };
		OBJ_113 /* Docopt.framework in Frameworks */ = {isa = PBXBuildFile; fileRef = "Docopt::Docopt::Product" /* Docopt.framework */; };
		OBJ_122 /* Package.swift in Sources */ = {isa = PBXBuildFile; fileRef = OBJ_32 /* Package.swift */; };
		OBJ_127 /* Argument.swift in Sources */ = {isa = PBXBuildFile; fileRef = OBJ_39 /* Argument.swift */; };
		OBJ_128 /* BranchPattern.swift in Sources */ = {isa = PBXBuildFile; fileRef = OBJ_40 /* BranchPattern.swift */; };
		OBJ_129 /* Command.swift in Sources */ = {isa = PBXBuildFile; fileRef = OBJ_41 /* Command.swift */; };
		OBJ_130 /* Docopt.swift in Sources */ = {isa = PBXBuildFile; fileRef = OBJ_42 /* Docopt.swift */; };
		OBJ_131 /* DocoptError.swift in Sources */ = {isa = PBXBuildFile; fileRef = OBJ_43 /* DocoptError.swift */; };
		OBJ_132 /* Either.swift in Sources */ = {isa = PBXBuildFile; fileRef = OBJ_44 /* Either.swift */; };
		OBJ_133 /* LeafPattern.swift in Sources */ = {isa = PBXBuildFile; fileRef = OBJ_45 /* LeafPattern.swift */; };
		OBJ_134 /* OneOrMore.swift in Sources */ = {isa = PBXBuildFile; fileRef = OBJ_46 /* OneOrMore.swift */; };
		OBJ_135 /* Option.swift in Sources */ = {isa = PBXBuildFile; fileRef = OBJ_47 /* Option.swift */; };
		OBJ_136 /* Optional.swift in Sources */ = {isa = PBXBuildFile; fileRef = OBJ_48 /* Optional.swift */; };
		OBJ_137 /* OptionsShortcut.swift in Sources */ = {isa = PBXBuildFile; fileRef = OBJ_49 /* OptionsShortcut.swift */; };
		OBJ_138 /* Pattern.swift in Sources */ = {isa = PBXBuildFile; fileRef = OBJ_50 /* Pattern.swift */; };
		OBJ_139 /* Required.swift in Sources */ = {isa = PBXBuildFile; fileRef = OBJ_51 /* Required.swift */; };
		OBJ_140 /* String.swift in Sources */ = {isa = PBXBuildFile; fileRef = OBJ_52 /* String.swift */; };
		OBJ_141 /* Tokens.swift in Sources */ = {isa = PBXBuildFile; fileRef = OBJ_53 /* Tokens.swift */; };
		OBJ_148 /* Package.swift in Sources */ = {isa = PBXBuildFile; fileRef = OBJ_54 /* Package.swift */; };
		OBJ_153 /* Channel.swift in Sources */ = {isa = PBXBuildFile; fileRef = OBJ_58 /* Channel.swift */; };
		OBJ_154 /* Context.swift in Sources */ = {isa = PBXBuildFile; fileRef = OBJ_59 /* Context.swift */; };
		OBJ_155 /* Handler.swift in Sources */ = {isa = PBXBuildFile; fileRef = OBJ_60 /* Handler.swift */; };
		OBJ_156 /* Manager.swift in Sources */ = {isa = PBXBuildFile; fileRef = OBJ_61 /* Manager.swift */; };
		OBJ_157 /* NSLogHandler.swift in Sources */ = {isa = PBXBuildFile; fileRef = OBJ_62 /* NSLogHandler.swift */; };
		OBJ_158 /* OSLogHandler.swift in Sources */ = {isa = PBXBuildFile; fileRef = OBJ_63 /* OSLogHandler.swift */; };
		OBJ_159 /* PrintHandler.swift in Sources */ = {isa = PBXBuildFile; fileRef = OBJ_64 /* PrintHandler.swift */; };
		OBJ_166 /* Package.swift in Sources */ = {isa = PBXBuildFile; fileRef = OBJ_67 /* Package.swift */; };
		OBJ_172 /* AppcastCommand.swift in Sources */ = {isa = PBXBuildFile; fileRef = OBJ_9 /* AppcastCommand.swift */; };
		OBJ_173 /* ArchiveCommand.swift in Sources */ = {isa = PBXBuildFile; fileRef = OBJ_10 /* ArchiveCommand.swift */; };
		OBJ_174 /* CompressCommand.swift in Sources */ = {isa = PBXBuildFile; fileRef = OBJ_11 /* CompressCommand.swift */; };
		OBJ_175 /* ExportCommand.swift in Sources */ = {isa = PBXBuildFile; fileRef = OBJ_12 /* ExportCommand.swift */; };
		OBJ_176 /* GitRunner.swift in Sources */ = {isa = PBXBuildFile; fileRef = OBJ_13 /* GitRunner.swift */; };
		OBJ_177 /* InstallCommand.swift in Sources */ = {isa = PBXBuildFile; fileRef = OBJ_14 /* InstallCommand.swift */; };
		OBJ_178 /* NotarizeCommand.swift in Sources */ = {isa = PBXBuildFile; fileRef = OBJ_15 /* NotarizeCommand.swift */; };
		OBJ_179 /* PublishCommand.swift in Sources */ = {isa = PBXBuildFile; fileRef = OBJ_16 /* PublishCommand.swift */; };
		OBJ_180 /* UpdateBuildCommand.swift in Sources */ = {isa = PBXBuildFile; fileRef = OBJ_17 /* UpdateBuildCommand.swift */; };
		OBJ_181 /* XcodeArchive.swift in Sources */ = {isa = PBXBuildFile; fileRef = OBJ_18 /* XcodeArchive.swift */; };
		OBJ_182 /* XcodeBuildRunner.swift in Sources */ = {isa = PBXBuildFile; fileRef = OBJ_19 /* XcodeBuildRunner.swift */; };
		OBJ_183 /* main.swift in Sources */ = {isa = PBXBuildFile; fileRef = OBJ_20 /* main.swift */; };
		OBJ_185 /* Runner.framework in Frameworks */ = {isa = PBXBuildFile; fileRef = "Runner::Runner::Product" /* Runner.framework */; };
		OBJ_186 /* CommandShell.framework in Frameworks */ = {isa = PBXBuildFile; fileRef = "CommandShell::CommandShell::Product" /* CommandShell.framework */; };
		OBJ_187 /* Arguments.framework in Frameworks */ = {isa = PBXBuildFile; fileRef = "Arguments::Arguments::Product" /* Arguments.framework */; };
		OBJ_188 /* Logger.framework in Frameworks */ = {isa = PBXBuildFile; fileRef = "Logger::Logger::Product" /* Logger.framework */; };
		OBJ_189 /* Docopt.framework in Frameworks */ = {isa = PBXBuildFile; fileRef = "Docopt::Docopt::Product" /* Docopt.framework */; };
		OBJ_201 /* Package.swift in Sources */ = {isa = PBXBuildFile; fileRef = OBJ_6 /* Package.swift */; };
		OBJ_212 /* ReleaseToolsTests.swift in Sources */ = {isa = PBXBuildFile; fileRef = OBJ_23 /* ReleaseToolsTests.swift */; };
		OBJ_213 /* XCTestManifests.swift in Sources */ = {isa = PBXBuildFile; fileRef = OBJ_24 /* XCTestManifests.swift */; };
		OBJ_215 /* Runner.framework in Frameworks */ = {isa = PBXBuildFile; fileRef = "Runner::Runner::Product" /* Runner.framework */; };
		OBJ_216 /* CommandShell.framework in Frameworks */ = {isa = PBXBuildFile; fileRef = "CommandShell::CommandShell::Product" /* CommandShell.framework */; };
		OBJ_217 /* Arguments.framework in Frameworks */ = {isa = PBXBuildFile; fileRef = "Arguments::Arguments::Product" /* Arguments.framework */; };
		OBJ_218 /* Logger.framework in Frameworks */ = {isa = PBXBuildFile; fileRef = "Logger::Logger::Product" /* Logger.framework */; };
		OBJ_219 /* Docopt.framework in Frameworks */ = {isa = PBXBuildFile; fileRef = "Docopt::Docopt::Product" /* Docopt.framework */; };
		OBJ_230 /* Runner.swift in Sources */ = {isa = PBXBuildFile; fileRef = OBJ_70 /* Runner.swift */; };
		OBJ_237 /* Package.swift in Sources */ = {isa = PBXBuildFile; fileRef = OBJ_71 /* Package.swift */; };
		OBJ_87 /* Arguments.swift in Sources */ = {isa = PBXBuildFile; fileRef = OBJ_35 /* Arguments.swift */; };
		OBJ_89 /* Logger.framework in Frameworks */ = {isa = PBXBuildFile; fileRef = "Logger::Logger::Product" /* Logger.framework */; };
		OBJ_90 /* Docopt.framework in Frameworks */ = {isa = PBXBuildFile; fileRef = "Docopt::Docopt::Product" /* Docopt.framework */; };
/* End PBXBuildFile section */

/* Begin PBXContainerItemProxy section */
		22B11EBF22A56A10003FA7D7 /* PBXContainerItemProxy */ = {
			isa = PBXContainerItemProxy;
			containerPortal = OBJ_1 /* Project object */;
			proxyType = 1;
			remoteGlobalIDString = "Runner::Runner";
			remoteInfo = Runner;
		};
		22B11EC022A56A10003FA7D7 /* PBXContainerItemProxy */ = {
			isa = PBXContainerItemProxy;
			containerPortal = OBJ_1 /* Project object */;
			proxyType = 1;
			remoteGlobalIDString = "CommandShell::CommandShell";
			remoteInfo = CommandShell;
		};
		22B11EC122A56A10003FA7D7 /* PBXContainerItemProxy */ = {
			isa = PBXContainerItemProxy;
			containerPortal = OBJ_1 /* Project object */;
			proxyType = 1;
			remoteGlobalIDString = "Arguments::Arguments";
			remoteInfo = Arguments;
		};
		22B11EC222A56A10003FA7D7 /* PBXContainerItemProxy */ = {
			isa = PBXContainerItemProxy;
			containerPortal = OBJ_1 /* Project object */;
			proxyType = 1;
			remoteGlobalIDString = "Logger::Logger";
			remoteInfo = Logger;
		};
		22B11EC322A56A10003FA7D7 /* PBXContainerItemProxy */ = {
			isa = PBXContainerItemProxy;
			containerPortal = OBJ_1 /* Project object */;
			proxyType = 1;
			remoteGlobalIDString = "Docopt::Docopt";
			remoteInfo = Docopt;
		};
		22B11EC422A56A10003FA7D7 /* PBXContainerItemProxy */ = {
			isa = PBXContainerItemProxy;
			containerPortal = OBJ_1 /* Project object */;
			proxyType = 1;
			remoteGlobalIDString = "Logger::Logger";
			remoteInfo = Logger;
		};
		22B11EC522A56A10003FA7D7 /* PBXContainerItemProxy */ = {
			isa = PBXContainerItemProxy;
			containerPortal = OBJ_1 /* Project object */;
			proxyType = 1;
			remoteGlobalIDString = "Docopt::Docopt";
			remoteInfo = Docopt;
		};
		22B11EC622A56A10003FA7D7 /* PBXContainerItemProxy */ = {
			isa = PBXContainerItemProxy;
			containerPortal = OBJ_1 /* Project object */;
			proxyType = 1;
			remoteGlobalIDString = "Arguments::Arguments";
			remoteInfo = Arguments;
		};
		22B11EC722A56A10003FA7D7 /* PBXContainerItemProxy */ = {
			isa = PBXContainerItemProxy;
			containerPortal = OBJ_1 /* Project object */;
			proxyType = 1;
			remoteGlobalIDString = "Logger::Logger";
			remoteInfo = Logger;
		};
		22B11EC822A56A10003FA7D7 /* PBXContainerItemProxy */ = {
			isa = PBXContainerItemProxy;
			containerPortal = OBJ_1 /* Project object */;
			proxyType = 1;
			remoteGlobalIDString = "Docopt::Docopt";
			remoteInfo = Docopt;
		};
		22B11EC922A56A10003FA7D7 /* PBXContainerItemProxy */ = {
			isa = PBXContainerItemProxy;
			containerPortal = OBJ_1 /* Project object */;
			proxyType = 1;
			remoteGlobalIDString = "ReleaseTools::ReleaseTools";
			remoteInfo = ReleaseTools;
		};
		22B11ECA22A56A10003FA7D7 /* PBXContainerItemProxy */ = {
			isa = PBXContainerItemProxy;
			containerPortal = OBJ_1 /* Project object */;
			proxyType = 1;
			remoteGlobalIDString = "Runner::Runner";
			remoteInfo = Runner;
		};
		22B11ECB22A56A10003FA7D7 /* PBXContainerItemProxy */ = {
			isa = PBXContainerItemProxy;
			containerPortal = OBJ_1 /* Project object */;
			proxyType = 1;
			remoteGlobalIDString = "CommandShell::CommandShell";
			remoteInfo = CommandShell;
		};
		22B11ECC22A56A10003FA7D7 /* PBXContainerItemProxy */ = {
			isa = PBXContainerItemProxy;
			containerPortal = OBJ_1 /* Project object */;
			proxyType = 1;
			remoteGlobalIDString = "Arguments::Arguments";
			remoteInfo = Arguments;
		};
		22B11ECD22A56A10003FA7D7 /* PBXContainerItemProxy */ = {
			isa = PBXContainerItemProxy;
			containerPortal = OBJ_1 /* Project object */;
			proxyType = 1;
			remoteGlobalIDString = "Logger::Logger";
			remoteInfo = Logger;
		};
		22B11ECE22A56A10003FA7D7 /* PBXContainerItemProxy */ = {
			isa = PBXContainerItemProxy;
			containerPortal = OBJ_1 /* Project object */;
			proxyType = 1;
			remoteGlobalIDString = "Docopt::Docopt";
			remoteInfo = Docopt;
		};
		22B11ECF22A56A12003FA7D7 /* PBXContainerItemProxy */ = {
			isa = PBXContainerItemProxy;
			containerPortal = OBJ_1 /* Project object */;
			proxyType = 1;
			remoteGlobalIDString = "ReleaseTools::ReleaseToolsTests";
			remoteInfo = ReleaseToolsTests;
		};
		22B11ED022A56A12003FA7D7 /* PBXContainerItemProxy */ = {
			isa = PBXContainerItemProxy;
			containerPortal = OBJ_1 /* Project object */;
			proxyType = 1;
			remoteGlobalIDString = "ReleaseTools::ReleaseTools";
			remoteInfo = ReleaseTools;
		};
/* End PBXContainerItemProxy section */

/* Begin PBXFileReference section */
		22B11ED122A56AE7003FA7D7 /* XcodeRunner.swift */ = {isa = PBXFileReference; lastKnownFileType = sourcecode.swift; path = XcodeRunner.swift; sourceTree = "<group>"; };
		"Arguments::Arguments::Product" /* Arguments.framework */ = {isa = PBXFileReference; lastKnownFileType = wrapper.framework; path = Arguments.framework; sourceTree = BUILT_PRODUCTS_DIR; };
		"CommandShell::CommandShell::Product" /* CommandShell.framework */ = {isa = PBXFileReference; lastKnownFileType = wrapper.framework; path = CommandShell.framework; sourceTree = BUILT_PRODUCTS_DIR; };
		"Docopt::Docopt::Product" /* Docopt.framework */ = {isa = PBXFileReference; lastKnownFileType = wrapper.framework; path = Docopt.framework; sourceTree = BUILT_PRODUCTS_DIR; };
		"Logger::Logger::Product" /* Logger.framework */ = {isa = PBXFileReference; lastKnownFileType = wrapper.framework; path = Logger.framework; sourceTree = BUILT_PRODUCTS_DIR; };
		OBJ_10 /* ArchiveCommand.swift */ = {isa = PBXFileReference; lastKnownFileType = sourcecode.swift; path = ArchiveCommand.swift; sourceTree = "<group>"; };
		OBJ_11 /* CompressCommand.swift */ = {isa = PBXFileReference; lastKnownFileType = sourcecode.swift; path = CompressCommand.swift; sourceTree = "<group>"; };
		OBJ_12 /* ExportCommand.swift */ = {isa = PBXFileReference; lastKnownFileType = sourcecode.swift; path = ExportCommand.swift; sourceTree = "<group>"; };
		OBJ_13 /* GitRunner.swift */ = {isa = PBXFileReference; lastKnownFileType = sourcecode.swift; path = GitRunner.swift; sourceTree = "<group>"; };
		OBJ_14 /* InstallCommand.swift */ = {isa = PBXFileReference; lastKnownFileType = sourcecode.swift; path = InstallCommand.swift; sourceTree = "<group>"; };
		OBJ_15 /* NotarizeCommand.swift */ = {isa = PBXFileReference; lastKnownFileType = sourcecode.swift; path = NotarizeCommand.swift; sourceTree = "<group>"; };
		OBJ_16 /* PublishCommand.swift */ = {isa = PBXFileReference; lastKnownFileType = sourcecode.swift; path = PublishCommand.swift; sourceTree = "<group>"; };
		OBJ_17 /* UpdateBuildCommand.swift */ = {isa = PBXFileReference; lastKnownFileType = sourcecode.swift; path = UpdateBuildCommand.swift; sourceTree = "<group>"; };
		OBJ_18 /* XcodeArchive.swift */ = {isa = PBXFileReference; lastKnownFileType = sourcecode.swift; path = XcodeArchive.swift; sourceTree = "<group>"; };
		OBJ_19 /* XcodeBuildRunner.swift */ = {isa = PBXFileReference; lastKnownFileType = sourcecode.swift; path = XcodeBuildRunner.swift; sourceTree = "<group>"; };
		OBJ_20 /* main.swift */ = {isa = PBXFileReference; lastKnownFileType = sourcecode.swift; path = main.swift; sourceTree = "<group>"; };
		OBJ_23 /* ReleaseToolsTests.swift */ = {isa = PBXFileReference; lastKnownFileType = sourcecode.swift; path = ReleaseToolsTests.swift; sourceTree = "<group>"; };
		OBJ_24 /* XCTestManifests.swift */ = {isa = PBXFileReference; lastKnownFileType = sourcecode.swift; path = XCTestManifests.swift; sourceTree = "<group>"; };
		OBJ_28 /* Command.swift */ = {isa = PBXFileReference; lastKnownFileType = sourcecode.swift; path = Command.swift; sourceTree = "<group>"; };
		OBJ_29 /* CommandLine+CommandShell.swift */ = {isa = PBXFileReference; lastKnownFileType = sourcecode.swift; path = "CommandLine+CommandShell.swift"; sourceTree = "<group>"; };
		OBJ_30 /* CommandShell.swift */ = {isa = PBXFileReference; lastKnownFileType = sourcecode.swift; path = CommandShell.swift; sourceTree = "<group>"; };
		OBJ_31 /* Result.swift */ = {isa = PBXFileReference; lastKnownFileType = sourcecode.swift; path = Result.swift; sourceTree = "<group>"; };
		OBJ_32 /* Package.swift */ = {isa = PBXFileReference; explicitFileType = sourcecode.swift; name = Package.swift; path = /Users/sam/Projects/Bookish/Dependencies/BookishModel/Packages/ReleaseTools/.build/checkouts/CommandShell/Package.swift; sourceTree = "<group>"; };
		OBJ_35 /* Arguments.swift */ = {isa = PBXFileReference; lastKnownFileType = sourcecode.swift; path = Arguments.swift; sourceTree = "<group>"; };
		OBJ_36 /* Package.swift */ = {isa = PBXFileReference; explicitFileType = sourcecode.swift; name = Package.swift; path = /Users/sam/Projects/Bookish/Dependencies/BookishModel/Packages/ReleaseTools/.build/checkouts/Arguments/Package.swift; sourceTree = "<group>"; };
		OBJ_39 /* Argument.swift */ = {isa = PBXFileReference; lastKnownFileType = sourcecode.swift; path = Argument.swift; sourceTree = "<group>"; };
		OBJ_40 /* BranchPattern.swift */ = {isa = PBXFileReference; lastKnownFileType = sourcecode.swift; path = BranchPattern.swift; sourceTree = "<group>"; };
		OBJ_41 /* Command.swift */ = {isa = PBXFileReference; lastKnownFileType = sourcecode.swift; path = Command.swift; sourceTree = "<group>"; };
		OBJ_42 /* Docopt.swift */ = {isa = PBXFileReference; lastKnownFileType = sourcecode.swift; path = Docopt.swift; sourceTree = "<group>"; };
		OBJ_43 /* DocoptError.swift */ = {isa = PBXFileReference; lastKnownFileType = sourcecode.swift; path = DocoptError.swift; sourceTree = "<group>"; };
		OBJ_44 /* Either.swift */ = {isa = PBXFileReference; lastKnownFileType = sourcecode.swift; path = Either.swift; sourceTree = "<group>"; };
		OBJ_45 /* LeafPattern.swift */ = {isa = PBXFileReference; lastKnownFileType = sourcecode.swift; path = LeafPattern.swift; sourceTree = "<group>"; };
		OBJ_46 /* OneOrMore.swift */ = {isa = PBXFileReference; lastKnownFileType = sourcecode.swift; path = OneOrMore.swift; sourceTree = "<group>"; };
		OBJ_47 /* Option.swift */ = {isa = PBXFileReference; lastKnownFileType = sourcecode.swift; path = Option.swift; sourceTree = "<group>"; };
		OBJ_48 /* Optional.swift */ = {isa = PBXFileReference; lastKnownFileType = sourcecode.swift; path = Optional.swift; sourceTree = "<group>"; };
		OBJ_49 /* OptionsShortcut.swift */ = {isa = PBXFileReference; lastKnownFileType = sourcecode.swift; path = OptionsShortcut.swift; sourceTree = "<group>"; };
		OBJ_50 /* Pattern.swift */ = {isa = PBXFileReference; lastKnownFileType = sourcecode.swift; path = Pattern.swift; sourceTree = "<group>"; };
		OBJ_51 /* Required.swift */ = {isa = PBXFileReference; lastKnownFileType = sourcecode.swift; path = Required.swift; sourceTree = "<group>"; };
		OBJ_52 /* String.swift */ = {isa = PBXFileReference; lastKnownFileType = sourcecode.swift; path = String.swift; sourceTree = "<group>"; };
		OBJ_53 /* Tokens.swift */ = {isa = PBXFileReference; lastKnownFileType = sourcecode.swift; path = Tokens.swift; sourceTree = "<group>"; };
		OBJ_54 /* Package.swift */ = {isa = PBXFileReference; explicitFileType = sourcecode.swift; name = Package.swift; path = /Users/sam/Projects/Bookish/Dependencies/BookishModel/Packages/ReleaseTools/.build/checkouts/docopt.swift/Package.swift; sourceTree = "<group>"; };
		OBJ_58 /* Channel.swift */ = {isa = PBXFileReference; lastKnownFileType = sourcecode.swift; path = Channel.swift; sourceTree = "<group>"; };
		OBJ_59 /* Context.swift */ = {isa = PBXFileReference; lastKnownFileType = sourcecode.swift; path = Context.swift; sourceTree = "<group>"; };
		OBJ_6 /* Package.swift */ = {isa = PBXFileReference; explicitFileType = sourcecode.swift; path = Package.swift; sourceTree = "<group>"; };
		OBJ_60 /* Handler.swift */ = {isa = PBXFileReference; lastKnownFileType = sourcecode.swift; path = Handler.swift; sourceTree = "<group>"; };
		OBJ_61 /* Manager.swift */ = {isa = PBXFileReference; lastKnownFileType = sourcecode.swift; path = Manager.swift; sourceTree = "<group>"; };
		OBJ_62 /* NSLogHandler.swift */ = {isa = PBXFileReference; lastKnownFileType = sourcecode.swift; path = NSLogHandler.swift; sourceTree = "<group>"; };
		OBJ_63 /* OSLogHandler.swift */ = {isa = PBXFileReference; lastKnownFileType = sourcecode.swift; path = OSLogHandler.swift; sourceTree = "<group>"; };
		OBJ_64 /* PrintHandler.swift */ = {isa = PBXFileReference; lastKnownFileType = sourcecode.swift; path = PrintHandler.swift; sourceTree = "<group>"; };
		OBJ_67 /* Package.swift */ = {isa = PBXFileReference; explicitFileType = sourcecode.swift; name = Package.swift; path = /Users/sam/Projects/Bookish/Dependencies/BookishModel/Packages/ReleaseTools/.build/checkouts/Logger/Package.swift; sourceTree = "<group>"; };
		OBJ_70 /* Runner.swift */ = {isa = PBXFileReference; lastKnownFileType = sourcecode.swift; path = Runner.swift; sourceTree = "<group>"; };
		OBJ_71 /* Package.swift */ = {isa = PBXFileReference; explicitFileType = sourcecode.swift; name = Package.swift; path = /Users/sam/Projects/Bookish/Dependencies/BookishModel/Packages/ReleaseTools/.build/checkouts/Runner/Package.swift; sourceTree = "<group>"; };
		OBJ_80 /* ReleaseTools.xcworkspace */ = {isa = PBXFileReference; lastKnownFileType = wrapper.workspace; path = ReleaseTools.xcworkspace; sourceTree = SOURCE_ROOT; };
		OBJ_81 /* README.md */ = {isa = PBXFileReference; lastKnownFileType = net.daringfireball.markdown; path = README.md; sourceTree = "<group>"; };
		OBJ_9 /* AppcastCommand.swift */ = {isa = PBXFileReference; lastKnownFileType = sourcecode.swift; path = AppcastCommand.swift; sourceTree = "<group>"; };
		"ReleaseTools::ReleaseTools::Product" /* ReleaseTools */ = {isa = PBXFileReference; lastKnownFileType = text; path = ReleaseTools; sourceTree = BUILT_PRODUCTS_DIR; };
		"ReleaseTools::ReleaseToolsTests::Product" /* ReleaseToolsTests.xctest */ = {isa = PBXFileReference; lastKnownFileType = file; path = ReleaseToolsTests.xctest; sourceTree = BUILT_PRODUCTS_DIR; };
		"Runner::Runner::Product" /* Runner.framework */ = {isa = PBXFileReference; lastKnownFileType = wrapper.framework; path = Runner.framework; sourceTree = BUILT_PRODUCTS_DIR; };
/* End PBXFileReference section */

/* Begin PBXFrameworksBuildPhase section */
		OBJ_110 /* Frameworks */ = {
			isa = PBXFrameworksBuildPhase;
			buildActionMask = 0;
			files = (
				OBJ_111 /* Arguments.framework in Frameworks */,
				OBJ_112 /* Logger.framework in Frameworks */,
				OBJ_113 /* Docopt.framework in Frameworks */,
			);
			runOnlyForDeploymentPostprocessing = 0;
		};
		OBJ_142 /* Frameworks */ = {
			isa = PBXFrameworksBuildPhase;
			buildActionMask = 0;
			files = (
			);
			runOnlyForDeploymentPostprocessing = 0;
		};
		OBJ_160 /* Frameworks */ = {
			isa = PBXFrameworksBuildPhase;
			buildActionMask = 0;
			files = (
			);
			runOnlyForDeploymentPostprocessing = 0;
		};
		OBJ_184 /* Frameworks */ = {
			isa = PBXFrameworksBuildPhase;
			buildActionMask = 0;
			files = (
				OBJ_185 /* Runner.framework in Frameworks */,
				OBJ_186 /* CommandShell.framework in Frameworks */,
				OBJ_187 /* Arguments.framework in Frameworks */,
				OBJ_188 /* Logger.framework in Frameworks */,
				OBJ_189 /* Docopt.framework in Frameworks */,
			);
			runOnlyForDeploymentPostprocessing = 0;
		};
		OBJ_214 /* Frameworks */ = {
			isa = PBXFrameworksBuildPhase;
			buildActionMask = 0;
			files = (
				OBJ_215 /* Runner.framework in Frameworks */,
				OBJ_216 /* CommandShell.framework in Frameworks */,
				OBJ_217 /* Arguments.framework in Frameworks */,
				OBJ_218 /* Logger.framework in Frameworks */,
				OBJ_219 /* Docopt.framework in Frameworks */,
			);
			runOnlyForDeploymentPostprocessing = 0;
		};
		OBJ_231 /* Frameworks */ = {
			isa = PBXFrameworksBuildPhase;
			buildActionMask = 0;
			files = (
			);
			runOnlyForDeploymentPostprocessing = 0;
		};
		OBJ_88 /* Frameworks */ = {
			isa = PBXFrameworksBuildPhase;
			buildActionMask = 0;
			files = (
				OBJ_89 /* Logger.framework in Frameworks */,
				OBJ_90 /* Docopt.framework in Frameworks */,
			);
			runOnlyForDeploymentPostprocessing = 0;
		};
/* End PBXFrameworksBuildPhase section */

/* Begin PBXGroup section */
		OBJ_21 /* Tests */ = {
			isa = PBXGroup;
			children = (
				OBJ_22 /* ReleaseToolsTests */,
			);
			name = Tests;
			sourceTree = SOURCE_ROOT;
		};
		OBJ_22 /* ReleaseToolsTests */ = {
			isa = PBXGroup;
			children = (
				OBJ_23 /* ReleaseToolsTests.swift */,
				OBJ_24 /* XCTestManifests.swift */,
			);
			name = ReleaseToolsTests;
			path = Tests/ReleaseToolsTests;
			sourceTree = SOURCE_ROOT;
		};
		OBJ_25 /* Dependencies */ = {
			isa = PBXGroup;
			children = (
				OBJ_26 /* CommandShell 1.0.3 */,
				OBJ_33 /* Arguments 1.0.7 */,
				OBJ_37 /* Docopt 0.6.10 */,
				OBJ_55 /* Logger 1.3.4 */,
				OBJ_68 /* Runner 1.0.2 */,
			);
			name = Dependencies;
			sourceTree = "<group>";
		};
		OBJ_26 /* CommandShell 1.0.3 */ = {
			isa = PBXGroup;
			children = (
				OBJ_27 /* CommandShell */,
				OBJ_32 /* Package.swift */,
			);
			name = "CommandShell 1.0.3";
			sourceTree = SOURCE_ROOT;
		};
		OBJ_27 /* CommandShell */ = {
			isa = PBXGroup;
			children = (
				OBJ_28 /* Command.swift */,
				OBJ_29 /* CommandLine+CommandShell.swift */,
				OBJ_30 /* CommandShell.swift */,
				OBJ_31 /* Result.swift */,
			);
			name = CommandShell;
			path = .build/checkouts/CommandShell/Sources/CommandShell;
			sourceTree = SOURCE_ROOT;
		};
		OBJ_33 /* Arguments 1.0.7 */ = {
			isa = PBXGroup;
			children = (
				OBJ_34 /* Arguments */,
				OBJ_36 /* Package.swift */,
			);
			name = "Arguments 1.0.7";
			sourceTree = SOURCE_ROOT;
		};
		OBJ_34 /* Arguments */ = {
			isa = PBXGroup;
			children = (
				OBJ_35 /* Arguments.swift */,
			);
			name = Arguments;
			path = .build/checkouts/Arguments/Sources/Arguments;
			sourceTree = SOURCE_ROOT;
		};
		OBJ_37 /* Docopt 0.6.10 */ = {
			isa = PBXGroup;
			children = (
				OBJ_38 /* Docopt */,
				OBJ_54 /* Package.swift */,
			);
			name = "Docopt 0.6.10";
			sourceTree = SOURCE_ROOT;
		};
		OBJ_38 /* Docopt */ = {
			isa = PBXGroup;
			children = (
				OBJ_39 /* Argument.swift */,
				OBJ_40 /* BranchPattern.swift */,
				OBJ_41 /* Command.swift */,
				OBJ_42 /* Docopt.swift */,
				OBJ_43 /* DocoptError.swift */,
				OBJ_44 /* Either.swift */,
				OBJ_45 /* LeafPattern.swift */,
				OBJ_46 /* OneOrMore.swift */,
				OBJ_47 /* Option.swift */,
				OBJ_48 /* Optional.swift */,
				OBJ_49 /* OptionsShortcut.swift */,
				OBJ_50 /* Pattern.swift */,
				OBJ_51 /* Required.swift */,
				OBJ_52 /* String.swift */,
				OBJ_53 /* Tokens.swift */,
			);
			name = Docopt;
			path = .build/checkouts/docopt.swift/Sources/Docopt;
			sourceTree = SOURCE_ROOT;
		};
		OBJ_5 /*  */ = {
			isa = PBXGroup;
			children = (
				OBJ_6 /* Package.swift */,
				OBJ_7 /* Sources */,
				OBJ_21 /* Tests */,
				OBJ_25 /* Dependencies */,
				OBJ_72 /* Products */,
				OBJ_80 /* ReleaseTools.xcworkspace */,
				OBJ_81 /* README.md */,
			);
			name = "";
			sourceTree = "<group>";
		};
		OBJ_55 /* Logger 1.3.4 */ = {
			isa = PBXGroup;
			children = (
				OBJ_56 /* Example */,
				OBJ_57 /* Logger */,
				OBJ_65 /* LoggerKit */,
				OBJ_66 /* LoggerTestSupport */,
				OBJ_67 /* Package.swift */,
			);
			name = "Logger 1.3.4";
			sourceTree = SOURCE_ROOT;
		};
		OBJ_56 /* Example */ = {
			isa = PBXGroup;
			children = (
			);
			name = Example;
			path = .build/checkouts/Logger/Sources/Example;
			sourceTree = SOURCE_ROOT;
		};
		OBJ_57 /* Logger */ = {
			isa = PBXGroup;
			children = (
				OBJ_58 /* Channel.swift */,
				OBJ_59 /* Context.swift */,
				OBJ_60 /* Handler.swift */,
				OBJ_61 /* Manager.swift */,
				OBJ_62 /* NSLogHandler.swift */,
				OBJ_63 /* OSLogHandler.swift */,
				OBJ_64 /* PrintHandler.swift */,
			);
			name = Logger;
			path = .build/checkouts/Logger/Sources/Logger;
			sourceTree = SOURCE_ROOT;
		};
		OBJ_65 /* LoggerKit */ = {
			isa = PBXGroup;
			children = (
			);
			name = LoggerKit;
			path = .build/checkouts/Logger/Sources/LoggerKit;
			sourceTree = SOURCE_ROOT;
		};
		OBJ_66 /* LoggerTestSupport */ = {
			isa = PBXGroup;
			children = (
			);
			name = LoggerTestSupport;
			path = .build/checkouts/Logger/Sources/LoggerTestSupport;
			sourceTree = SOURCE_ROOT;
		};
		OBJ_68 /* Runner 1.0.2 */ = {
			isa = PBXGroup;
			children = (
				OBJ_69 /* Runner */,
				OBJ_71 /* Package.swift */,
			);
			name = "Runner 1.0.2";
			sourceTree = SOURCE_ROOT;
		};
		OBJ_69 /* Runner */ = {
			isa = PBXGroup;
			children = (
				OBJ_70 /* Runner.swift */,
			);
			name = Runner;
			path = .build/checkouts/Runner/Sources/Runner;
			sourceTree = SOURCE_ROOT;
		};
		OBJ_7 /* Sources */ = {
			isa = PBXGroup;
			children = (
				OBJ_8 /* ReleaseTools */,
			);
			name = Sources;
			sourceTree = SOURCE_ROOT;
		};
		OBJ_72 /* Products */ = {
			isa = PBXGroup;
			children = (
				"Docopt::Docopt::Product" /* Docopt.framework */,
				"ReleaseTools::ReleaseTools::Product" /* ReleaseTools */,
				"Runner::Runner::Product" /* Runner.framework */,
				"CommandShell::CommandShell::Product" /* CommandShell.framework */,
				"ReleaseTools::ReleaseToolsTests::Product" /* ReleaseToolsTests.xctest */,
				"Logger::Logger::Product" /* Logger.framework */,
				"Arguments::Arguments::Product" /* Arguments.framework */,
			);
			name = Products;
			sourceTree = BUILT_PRODUCTS_DIR;
		};
		OBJ_8 /* ReleaseTools */ = {
			isa = PBXGroup;
			children = (
				OBJ_9 /* AppcastCommand.swift */,
				OBJ_10 /* ArchiveCommand.swift */,
				OBJ_11 /* CompressCommand.swift */,
				OBJ_12 /* ExportCommand.swift */,
				OBJ_13 /* GitRunner.swift */,
				OBJ_14 /* InstallCommand.swift */,
				OBJ_20 /* main.swift */,
				OBJ_15 /* NotarizeCommand.swift */,
				OBJ_16 /* PublishCommand.swift */,
				OBJ_17 /* UpdateBuildCommand.swift */,
				OBJ_18 /* XcodeArchive.swift */,
				OBJ_19 /* XcodeBuildRunner.swift */,
				22B11ED122A56AE7003FA7D7 /* XcodeRunner.swift */,
			);
			name = ReleaseTools;
			path = Sources/ReleaseTools;
			sourceTree = SOURCE_ROOT;
		};
/* End PBXGroup section */

/* Begin PBXNativeTarget section */
		"Arguments::Arguments" /* Arguments */ = {
			isa = PBXNativeTarget;
			buildConfigurationList = OBJ_83 /* Build configuration list for PBXNativeTarget "Arguments" */;
			buildPhases = (
				OBJ_86 /* Sources */,
				OBJ_88 /* Frameworks */,
			);
			buildRules = (
			);
			dependencies = (
				OBJ_91 /* PBXTargetDependency */,
				OBJ_93 /* PBXTargetDependency */,
			);
			name = Arguments;
			productName = Arguments;
			productReference = "Arguments::Arguments::Product" /* Arguments.framework */;
			productType = "com.apple.product-type.framework";
		};
		"Arguments::SwiftPMPackageDescription" /* ArgumentsPackageDescription */ = {
			isa = PBXNativeTarget;
			buildConfigurationList = OBJ_96 /* Build configuration list for PBXNativeTarget "ArgumentsPackageDescription" */;
			buildPhases = (
				OBJ_99 /* Sources */,
			);
			buildRules = (
			);
			dependencies = (
			);
			name = ArgumentsPackageDescription;
			productName = ArgumentsPackageDescription;
			productType = "com.apple.product-type.framework";
		};
		"CommandShell::CommandShell" /* CommandShell */ = {
			isa = PBXNativeTarget;
			buildConfigurationList = OBJ_102 /* Build configuration list for PBXNativeTarget "CommandShell" */;
			buildPhases = (
				OBJ_105 /* Sources */,
				OBJ_110 /* Frameworks */,
			);
			buildRules = (
			);
			dependencies = (
				OBJ_114 /* PBXTargetDependency */,
				OBJ_115 /* PBXTargetDependency */,
				OBJ_116 /* PBXTargetDependency */,
			);
			name = CommandShell;
			productName = CommandShell;
			productReference = "CommandShell::CommandShell::Product" /* CommandShell.framework */;
			productType = "com.apple.product-type.framework";
		};
		"CommandShell::SwiftPMPackageDescription" /* CommandShellPackageDescription */ = {
			isa = PBXNativeTarget;
			buildConfigurationList = OBJ_118 /* Build configuration list for PBXNativeTarget "CommandShellPackageDescription" */;
			buildPhases = (
				OBJ_121 /* Sources */,
			);
			buildRules = (
			);
			dependencies = (
			);
			name = CommandShellPackageDescription;
			productName = CommandShellPackageDescription;
			productType = "com.apple.product-type.framework";
		};
		"Docopt::Docopt" /* Docopt */ = {
			isa = PBXNativeTarget;
			buildConfigurationList = OBJ_123 /* Build configuration list for PBXNativeTarget "Docopt" */;
			buildPhases = (
				OBJ_126 /* Sources */,
				OBJ_142 /* Frameworks */,
			);
			buildRules = (
			);
			dependencies = (
			);
			name = Docopt;
			productName = Docopt;
			productReference = "Docopt::Docopt::Product" /* Docopt.framework */;
			productType = "com.apple.product-type.framework";
		};
		"Docopt::SwiftPMPackageDescription" /* DocoptPackageDescription */ = {
			isa = PBXNativeTarget;
			buildConfigurationList = OBJ_144 /* Build configuration list for PBXNativeTarget "DocoptPackageDescription" */;
			buildPhases = (
				OBJ_147 /* Sources */,
			);
			buildRules = (
			);
			dependencies = (
			);
			name = DocoptPackageDescription;
			productName = DocoptPackageDescription;
			productType = "com.apple.product-type.framework";
		};
		"Logger::Logger" /* Logger */ = {
			isa = PBXNativeTarget;
			buildConfigurationList = OBJ_149 /* Build configuration list for PBXNativeTarget "Logger" */;
			buildPhases = (
				OBJ_152 /* Sources */,
				OBJ_160 /* Frameworks */,
			);
			buildRules = (
			);
			dependencies = (
			);
			name = Logger;
			productName = Logger;
			productReference = "Logger::Logger::Product" /* Logger.framework */;
			productType = "com.apple.product-type.framework";
		};
		"Logger::SwiftPMPackageDescription" /* LoggerPackageDescription */ = {
			isa = PBXNativeTarget;
			buildConfigurationList = OBJ_162 /* Build configuration list for PBXNativeTarget "LoggerPackageDescription" */;
			buildPhases = (
				OBJ_165 /* Sources */,
			);
			buildRules = (
			);
			dependencies = (
			);
			name = LoggerPackageDescription;
			productName = LoggerPackageDescription;
			productType = "com.apple.product-type.framework";
		};
		"ReleaseTools::ReleaseTools" /* ReleaseTools */ = {
			isa = PBXNativeTarget;
			buildConfigurationList = OBJ_168 /* Build configuration list for PBXNativeTarget "ReleaseTools" */;
			buildPhases = (
				OBJ_171 /* Sources */,
				OBJ_184 /* Frameworks */,
			);
			buildRules = (
			);
			dependencies = (
				OBJ_190 /* PBXTargetDependency */,
				OBJ_192 /* PBXTargetDependency */,
				OBJ_193 /* PBXTargetDependency */,
				OBJ_194 /* PBXTargetDependency */,
				OBJ_195 /* PBXTargetDependency */,
			);
			name = ReleaseTools;
			productName = ReleaseTools;
			productReference = "ReleaseTools::ReleaseTools::Product" /* ReleaseTools */;
			productType = "com.apple.product-type.tool";
		};
		"ReleaseTools::ReleaseToolsTests" /* ReleaseToolsTests */ = {
			isa = PBXNativeTarget;
			buildConfigurationList = OBJ_208 /* Build configuration list for PBXNativeTarget "ReleaseToolsTests" */;
			buildPhases = (
				OBJ_211 /* Sources */,
				OBJ_214 /* Frameworks */,
			);
			buildRules = (
			);
			dependencies = (
				OBJ_220 /* PBXTargetDependency */,
				OBJ_221 /* PBXTargetDependency */,
				OBJ_222 /* PBXTargetDependency */,
				OBJ_223 /* PBXTargetDependency */,
				OBJ_224 /* PBXTargetDependency */,
				OBJ_225 /* PBXTargetDependency */,
			);
			name = ReleaseToolsTests;
			productName = ReleaseToolsTests;
			productReference = "ReleaseTools::ReleaseToolsTests::Product" /* ReleaseToolsTests.xctest */;
			productType = "com.apple.product-type.bundle.unit-test";
		};
		"ReleaseTools::SwiftPMPackageDescription" /* ReleaseToolsPackageDescription */ = {
			isa = PBXNativeTarget;
			buildConfigurationList = OBJ_197 /* Build configuration list for PBXNativeTarget "ReleaseToolsPackageDescription" */;
			buildPhases = (
				OBJ_200 /* Sources */,
			);
			buildRules = (
			);
			dependencies = (
			);
			name = ReleaseToolsPackageDescription;
			productName = ReleaseToolsPackageDescription;
			productType = "com.apple.product-type.framework";
		};
		"Runner::Runner" /* Runner */ = {
			isa = PBXNativeTarget;
			buildConfigurationList = OBJ_226 /* Build configuration list for PBXNativeTarget "Runner" */;
			buildPhases = (
				OBJ_229 /* Sources */,
				OBJ_231 /* Frameworks */,
			);
			buildRules = (
			);
			dependencies = (
			);
			name = Runner;
			productName = Runner;
			productReference = "Runner::Runner::Product" /* Runner.framework */;
			productType = "com.apple.product-type.framework";
		};
		"Runner::SwiftPMPackageDescription" /* RunnerPackageDescription */ = {
			isa = PBXNativeTarget;
			buildConfigurationList = OBJ_233 /* Build configuration list for PBXNativeTarget "RunnerPackageDescription" */;
			buildPhases = (
				OBJ_236 /* Sources */,
			);
			buildRules = (
			);
			dependencies = (
			);
			name = RunnerPackageDescription;
			productName = RunnerPackageDescription;
			productType = "com.apple.product-type.framework";
		};
/* End PBXNativeTarget section */

/* Begin PBXProject section */
		OBJ_1 /* Project object */ = {
			isa = PBXProject;
			attributes = {
				LastSwiftMigration = 9999;
				LastUpgradeCheck = 9999;
			};
			buildConfigurationList = OBJ_2 /* Build configuration list for PBXProject "ReleaseTools" */;
			compatibilityVersion = "Xcode 3.2";
			developmentRegion = English;
			hasScannedForEncodings = 0;
			knownRegions = (
				English,
				en,
			);
			mainGroup = OBJ_5 /*  */;
			productRefGroup = OBJ_72 /* Products */;
			projectDirPath = "";
			projectRoot = "";
			targets = (
				"Arguments::Arguments" /* Arguments */,
				"Arguments::SwiftPMPackageDescription" /* ArgumentsPackageDescription */,
				"CommandShell::CommandShell" /* CommandShell */,
				"CommandShell::SwiftPMPackageDescription" /* CommandShellPackageDescription */,
				"Docopt::Docopt" /* Docopt */,
				"Docopt::SwiftPMPackageDescription" /* DocoptPackageDescription */,
				"Logger::Logger" /* Logger */,
				"Logger::SwiftPMPackageDescription" /* LoggerPackageDescription */,
				"ReleaseTools::ReleaseTools" /* ReleaseTools */,
				"ReleaseTools::SwiftPMPackageDescription" /* ReleaseToolsPackageDescription */,
				"ReleaseTools::ReleaseToolsPackageTests::ProductTarget" /* ReleaseToolsPackageTests */,
				"ReleaseTools::ReleaseToolsTests" /* ReleaseToolsTests */,
				"Runner::Runner" /* Runner */,
				"Runner::SwiftPMPackageDescription" /* RunnerPackageDescription */,
				"ReleaseTools::rt::ProductTarget" /* rt */,
			);
		};
/* End PBXProject section */

/* Begin PBXSourcesBuildPhase section */
		OBJ_105 /* Sources */ = {
			isa = PBXSourcesBuildPhase;
			buildActionMask = 0;
			files = (
				OBJ_106 /* Command.swift in Sources */,
				OBJ_107 /* CommandLine+CommandShell.swift in Sources */,
				OBJ_108 /* CommandShell.swift in Sources */,
				OBJ_109 /* Result.swift in Sources */,
			);
			runOnlyForDeploymentPostprocessing = 0;
		};
		OBJ_121 /* Sources */ = {
			isa = PBXSourcesBuildPhase;
			buildActionMask = 0;
			files = (
				OBJ_122 /* Package.swift in Sources */,
			);
			runOnlyForDeploymentPostprocessing = 0;
		};
		OBJ_126 /* Sources */ = {
			isa = PBXSourcesBuildPhase;
			buildActionMask = 0;
			files = (
				OBJ_127 /* Argument.swift in Sources */,
				OBJ_128 /* BranchPattern.swift in Sources */,
				OBJ_129 /* Command.swift in Sources */,
				OBJ_130 /* Docopt.swift in Sources */,
				OBJ_131 /* DocoptError.swift in Sources */,
				OBJ_132 /* Either.swift in Sources */,
				OBJ_133 /* LeafPattern.swift in Sources */,
				OBJ_134 /* OneOrMore.swift in Sources */,
				OBJ_135 /* Option.swift in Sources */,
				OBJ_136 /* Optional.swift in Sources */,
				OBJ_137 /* OptionsShortcut.swift in Sources */,
				OBJ_138 /* Pattern.swift in Sources */,
				OBJ_139 /* Required.swift in Sources */,
				OBJ_140 /* String.swift in Sources */,
				OBJ_141 /* Tokens.swift in Sources */,
			);
			runOnlyForDeploymentPostprocessing = 0;
		};
		OBJ_147 /* Sources */ = {
			isa = PBXSourcesBuildPhase;
			buildActionMask = 0;
			files = (
				OBJ_148 /* Package.swift in Sources */,
			);
			runOnlyForDeploymentPostprocessing = 0;
		};
		OBJ_152 /* Sources */ = {
			isa = PBXSourcesBuildPhase;
			buildActionMask = 0;
			files = (
				OBJ_153 /* Channel.swift in Sources */,
				OBJ_154 /* Context.swift in Sources */,
				OBJ_155 /* Handler.swift in Sources */,
				OBJ_156 /* Manager.swift in Sources */,
				OBJ_157 /* NSLogHandler.swift in Sources */,
				OBJ_158 /* OSLogHandler.swift in Sources */,
				OBJ_159 /* PrintHandler.swift in Sources */,
			);
			runOnlyForDeploymentPostprocessing = 0;
		};
		OBJ_165 /* Sources */ = {
			isa = PBXSourcesBuildPhase;
			buildActionMask = 0;
			files = (
				OBJ_166 /* Package.swift in Sources */,
			);
			runOnlyForDeploymentPostprocessing = 0;
		};
		OBJ_171 /* Sources */ = {
			isa = PBXSourcesBuildPhase;
			buildActionMask = 0;
			files = (
				OBJ_172 /* AppcastCommand.swift in Sources */,
				OBJ_173 /* ArchiveCommand.swift in Sources */,
				OBJ_174 /* CompressCommand.swift in Sources */,
				OBJ_175 /* ExportCommand.swift in Sources */,
				OBJ_176 /* GitRunner.swift in Sources */,
				OBJ_177 /* InstallCommand.swift in Sources */,
				OBJ_178 /* NotarizeCommand.swift in Sources */,
				OBJ_179 /* PublishCommand.swift in Sources */,
				OBJ_180 /* UpdateBuildCommand.swift in Sources */,
				OBJ_181 /* XcodeArchive.swift in Sources */,
				22B11ED322A56CE2003FA7D7 /* XcodeRunner.swift in Sources */,
				OBJ_182 /* XcodeBuildRunner.swift in Sources */,
				OBJ_183 /* main.swift in Sources */,
			);
			runOnlyForDeploymentPostprocessing = 0;
		};
		OBJ_200 /* Sources */ = {
			isa = PBXSourcesBuildPhase;
			buildActionMask = 0;
			files = (
				OBJ_201 /* Package.swift in Sources */,
			);
			runOnlyForDeploymentPostprocessing = 0;
		};
		OBJ_211 /* Sources */ = {
			isa = PBXSourcesBuildPhase;
			buildActionMask = 0;
			files = (
				OBJ_212 /* ReleaseToolsTests.swift in Sources */,
				OBJ_213 /* XCTestManifests.swift in Sources */,
			);
			runOnlyForDeploymentPostprocessing = 0;
		};
		OBJ_229 /* Sources */ = {
			isa = PBXSourcesBuildPhase;
			buildActionMask = 0;
			files = (
				OBJ_230 /* Runner.swift in Sources */,
			);
			runOnlyForDeploymentPostprocessing = 0;
		};
		OBJ_236 /* Sources */ = {
			isa = PBXSourcesBuildPhase;
			buildActionMask = 0;
			files = (
				OBJ_237 /* Package.swift in Sources */,
			);
			runOnlyForDeploymentPostprocessing = 0;
		};
		OBJ_86 /* Sources */ = {
			isa = PBXSourcesBuildPhase;
			buildActionMask = 0;
			files = (
				OBJ_87 /* Arguments.swift in Sources */,
			);
			runOnlyForDeploymentPostprocessing = 0;
		};
		OBJ_99 /* Sources */ = {
			isa = PBXSourcesBuildPhase;
			buildActionMask = 0;
			files = (
				OBJ_100 /* Package.swift in Sources */,
			);
			runOnlyForDeploymentPostprocessing = 0;
		};
/* End PBXSourcesBuildPhase section */

/* Begin PBXTargetDependency section */
		OBJ_114 /* PBXTargetDependency */ = {
			isa = PBXTargetDependency;
			target = "Arguments::Arguments" /* Arguments */;
			targetProxy = 22B11EC122A56A10003FA7D7 /* PBXContainerItemProxy */;
		};
		OBJ_115 /* PBXTargetDependency */ = {
			isa = PBXTargetDependency;
			target = "Logger::Logger" /* Logger */;
			targetProxy = 22B11EC422A56A10003FA7D7 /* PBXContainerItemProxy */;
		};
		OBJ_116 /* PBXTargetDependency */ = {
			isa = PBXTargetDependency;
			target = "Docopt::Docopt" /* Docopt */;
			targetProxy = 22B11EC522A56A10003FA7D7 /* PBXContainerItemProxy */;
		};
		OBJ_190 /* PBXTargetDependency */ = {
			isa = PBXTargetDependency;
			target = "Runner::Runner" /* Runner */;
			targetProxy = 22B11EBF22A56A10003FA7D7 /* PBXContainerItemProxy */;
		};
		OBJ_192 /* PBXTargetDependency */ = {
			isa = PBXTargetDependency;
			target = "CommandShell::CommandShell" /* CommandShell */;
			targetProxy = 22B11EC022A56A10003FA7D7 /* PBXContainerItemProxy */;
		};
		OBJ_193 /* PBXTargetDependency */ = {
			isa = PBXTargetDependency;
			target = "Arguments::Arguments" /* Arguments */;
			targetProxy = 22B11EC622A56A10003FA7D7 /* PBXContainerItemProxy */;
		};
		OBJ_194 /* PBXTargetDependency */ = {
			isa = PBXTargetDependency;
			target = "Logger::Logger" /* Logger */;
			targetProxy = 22B11EC722A56A10003FA7D7 /* PBXContainerItemProxy */;
		};
		OBJ_195 /* PBXTargetDependency */ = {
			isa = PBXTargetDependency;
			target = "Docopt::Docopt" /* Docopt */;
			targetProxy = 22B11EC822A56A10003FA7D7 /* PBXContainerItemProxy */;
		};
		OBJ_206 /* PBXTargetDependency */ = {
			isa = PBXTargetDependency;
			target = "ReleaseTools::ReleaseToolsTests" /* ReleaseToolsTests */;
			targetProxy = 22B11ECF22A56A12003FA7D7 /* PBXContainerItemProxy */;
		};
		OBJ_220 /* PBXTargetDependency */ = {
			isa = PBXTargetDependency;
			target = "ReleaseTools::ReleaseTools" /* ReleaseTools */;
			targetProxy = 22B11EC922A56A10003FA7D7 /* PBXContainerItemProxy */;
		};
		OBJ_221 /* PBXTargetDependency */ = {
			isa = PBXTargetDependency;
			target = "Runner::Runner" /* Runner */;
			targetProxy = 22B11ECA22A56A10003FA7D7 /* PBXContainerItemProxy */;
		};
		OBJ_222 /* PBXTargetDependency */ = {
			isa = PBXTargetDependency;
			target = "CommandShell::CommandShell" /* CommandShell */;
			targetProxy = 22B11ECB22A56A10003FA7D7 /* PBXContainerItemProxy */;
		};
		OBJ_223 /* PBXTargetDependency */ = {
			isa = PBXTargetDependency;
			target = "Arguments::Arguments" /* Arguments */;
			targetProxy = 22B11ECC22A56A10003FA7D7 /* PBXContainerItemProxy */;
		};
		OBJ_224 /* PBXTargetDependency */ = {
			isa = PBXTargetDependency;
			target = "Logger::Logger" /* Logger */;
			targetProxy = 22B11ECD22A56A10003FA7D7 /* PBXContainerItemProxy */;
		};
		OBJ_225 /* PBXTargetDependency */ = {
			isa = PBXTargetDependency;
			target = "Docopt::Docopt" /* Docopt */;
			targetProxy = 22B11ECE22A56A10003FA7D7 /* PBXContainerItemProxy */;
		};
		OBJ_242 /* PBXTargetDependency */ = {
			isa = PBXTargetDependency;
			target = "ReleaseTools::ReleaseTools" /* ReleaseTools */;
			targetProxy = 22B11ED022A56A12003FA7D7 /* PBXContainerItemProxy */;
		};
		OBJ_91 /* PBXTargetDependency */ = {
			isa = PBXTargetDependency;
			target = "Logger::Logger" /* Logger */;
			targetProxy = 22B11EC222A56A10003FA7D7 /* PBXContainerItemProxy */;
		};
		OBJ_93 /* PBXTargetDependency */ = {
			isa = PBXTargetDependency;
			target = "Docopt::Docopt" /* Docopt */;
			targetProxy = 22B11EC322A56A10003FA7D7 /* PBXContainerItemProxy */;
		};
/* End PBXTargetDependency section */

/* Begin XCBuildConfiguration section */
		OBJ_103 /* Debug */ = {
			isa = XCBuildConfiguration;
			buildSettings = {
				ENABLE_TESTABILITY = YES;
				FRAMEWORK_SEARCH_PATHS = (
					"$(inherited)",
					"$(PLATFORM_DIR)/Developer/Library/Frameworks",
				);
				HEADER_SEARCH_PATHS = "$(inherited)";
				INFOPLIST_FILE = ReleaseTools.xcodeproj/CommandShell_Info.plist;
				LD_RUNPATH_SEARCH_PATHS = "$(inherited) $(TOOLCHAIN_DIR)/usr/lib/swift/macosx";
				OTHER_CFLAGS = "$(inherited)";
				OTHER_LDFLAGS = "$(inherited)";
				OTHER_SWIFT_FLAGS = "$(inherited)";
				PRODUCT_BUNDLE_IDENTIFIER = CommandShell;
				PRODUCT_MODULE_NAME = "$(TARGET_NAME:c99extidentifier)";
				PRODUCT_NAME = "$(TARGET_NAME:c99extidentifier)";
				SKIP_INSTALL = YES;
				SWIFT_ACTIVE_COMPILATION_CONDITIONS = "$(inherited)";
				SWIFT_VERSION = 4.2;
				TARGET_NAME = CommandShell;
			};
			name = Debug;
		};
		OBJ_104 /* Release */ = {
			isa = XCBuildConfiguration;
			buildSettings = {
				ENABLE_TESTABILITY = YES;
				FRAMEWORK_SEARCH_PATHS = (
					"$(inherited)",
					"$(PLATFORM_DIR)/Developer/Library/Frameworks",
				);
				HEADER_SEARCH_PATHS = "$(inherited)";
				INFOPLIST_FILE = ReleaseTools.xcodeproj/CommandShell_Info.plist;
				LD_RUNPATH_SEARCH_PATHS = "$(inherited) $(TOOLCHAIN_DIR)/usr/lib/swift/macosx";
				OTHER_CFLAGS = "$(inherited)";
				OTHER_LDFLAGS = "$(inherited)";
				OTHER_SWIFT_FLAGS = "$(inherited)";
				PRODUCT_BUNDLE_IDENTIFIER = CommandShell;
				PRODUCT_MODULE_NAME = "$(TARGET_NAME:c99extidentifier)";
				PRODUCT_NAME = "$(TARGET_NAME:c99extidentifier)";
				SKIP_INSTALL = YES;
				SWIFT_ACTIVE_COMPILATION_CONDITIONS = "$(inherited)";
				SWIFT_VERSION = 4.2;
				TARGET_NAME = CommandShell;
			};
			name = Release;
		};
		OBJ_119 /* Debug */ = {
			isa = XCBuildConfiguration;
			buildSettings = {
				LD = /usr/bin/true;
				OTHER_SWIFT_FLAGS = "-swift-version 4.2 -I $(TOOLCHAIN_DIR)/usr/lib/swift/pm/4_2 -target x86_64-apple-macosx10.10 -sdk /Applications/Xcode10.2.app/Contents/Developer/Platforms/MacOSX.platform/Developer/SDKs/MacOSX10.14.sdk";
				SWIFT_VERSION = 4.2;
			};
			name = Debug;
		};
		OBJ_120 /* Release */ = {
			isa = XCBuildConfiguration;
			buildSettings = {
				LD = /usr/bin/true;
				OTHER_SWIFT_FLAGS = "-swift-version 4.2 -I $(TOOLCHAIN_DIR)/usr/lib/swift/pm/4_2 -target x86_64-apple-macosx10.10 -sdk /Applications/Xcode10.2.app/Contents/Developer/Platforms/MacOSX.platform/Developer/SDKs/MacOSX10.14.sdk";
				SWIFT_VERSION = 4.2;
			};
			name = Release;
		};
		OBJ_124 /* Debug */ = {
			isa = XCBuildConfiguration;
			buildSettings = {
				ENABLE_TESTABILITY = YES;
				FRAMEWORK_SEARCH_PATHS = (
					"$(inherited)",
					"$(PLATFORM_DIR)/Developer/Library/Frameworks",
				);
				HEADER_SEARCH_PATHS = "$(inherited)";
				INFOPLIST_FILE = ReleaseTools.xcodeproj/Docopt_Info.plist;
				LD_RUNPATH_SEARCH_PATHS = "$(inherited) $(TOOLCHAIN_DIR)/usr/lib/swift/macosx";
				OTHER_CFLAGS = "$(inherited)";
				OTHER_LDFLAGS = "$(inherited)";
				OTHER_SWIFT_FLAGS = "$(inherited)";
				PRODUCT_BUNDLE_IDENTIFIER = Docopt;
				PRODUCT_MODULE_NAME = "$(TARGET_NAME:c99extidentifier)";
				PRODUCT_NAME = "$(TARGET_NAME:c99extidentifier)";
				SKIP_INSTALL = YES;
				SWIFT_ACTIVE_COMPILATION_CONDITIONS = "$(inherited)";
				SWIFT_VERSION = 4.0;
				TARGET_NAME = Docopt;
			};
			name = Debug;
		};
		OBJ_125 /* Release */ = {
			isa = XCBuildConfiguration;
			buildSettings = {
				ENABLE_TESTABILITY = YES;
				FRAMEWORK_SEARCH_PATHS = (
					"$(inherited)",
					"$(PLATFORM_DIR)/Developer/Library/Frameworks",
				);
				HEADER_SEARCH_PATHS = "$(inherited)";
				INFOPLIST_FILE = ReleaseTools.xcodeproj/Docopt_Info.plist;
				LD_RUNPATH_SEARCH_PATHS = "$(inherited) $(TOOLCHAIN_DIR)/usr/lib/swift/macosx";
				OTHER_CFLAGS = "$(inherited)";
				OTHER_LDFLAGS = "$(inherited)";
				OTHER_SWIFT_FLAGS = "$(inherited)";
				PRODUCT_BUNDLE_IDENTIFIER = Docopt;
				PRODUCT_MODULE_NAME = "$(TARGET_NAME:c99extidentifier)";
				PRODUCT_NAME = "$(TARGET_NAME:c99extidentifier)";
				SKIP_INSTALL = YES;
				SWIFT_ACTIVE_COMPILATION_CONDITIONS = "$(inherited)";
				SWIFT_VERSION = 4.0;
				TARGET_NAME = Docopt;
			};
			name = Release;
		};
		OBJ_145 /* Debug */ = {
			isa = XCBuildConfiguration;
			buildSettings = {
				LD = /usr/bin/true;
				OTHER_SWIFT_FLAGS = "-swift-version 4 -I $(TOOLCHAIN_DIR)/usr/lib/swift/pm/4 -target x86_64-apple-macosx10.10 -sdk /Applications/Xcode10.2.app/Contents/Developer/Platforms/MacOSX.platform/Developer/SDKs/MacOSX10.14.sdk";
				SWIFT_VERSION = 4.0;
			};
			name = Debug;
		};
		OBJ_146 /* Release */ = {
			isa = XCBuildConfiguration;
			buildSettings = {
				LD = /usr/bin/true;
				OTHER_SWIFT_FLAGS = "-swift-version 4 -I $(TOOLCHAIN_DIR)/usr/lib/swift/pm/4 -target x86_64-apple-macosx10.10 -sdk /Applications/Xcode10.2.app/Contents/Developer/Platforms/MacOSX.platform/Developer/SDKs/MacOSX10.14.sdk";
				SWIFT_VERSION = 4.0;
			};
			name = Release;
		};
		OBJ_150 /* Debug */ = {
			isa = XCBuildConfiguration;
			buildSettings = {
				ENABLE_TESTABILITY = YES;
				FRAMEWORK_SEARCH_PATHS = (
					"$(inherited)",
					"$(PLATFORM_DIR)/Developer/Library/Frameworks",
				);
				HEADER_SEARCH_PATHS = "$(inherited)";
				INFOPLIST_FILE = ReleaseTools.xcodeproj/Logger_Info.plist;
				LD_RUNPATH_SEARCH_PATHS = "$(inherited) $(TOOLCHAIN_DIR)/usr/lib/swift/macosx";
				OTHER_CFLAGS = "$(inherited)";
				OTHER_LDFLAGS = "$(inherited)";
				OTHER_SWIFT_FLAGS = "$(inherited)";
				PRODUCT_BUNDLE_IDENTIFIER = Logger;
				PRODUCT_MODULE_NAME = "$(TARGET_NAME:c99extidentifier)";
				PRODUCT_NAME = "$(TARGET_NAME:c99extidentifier)";
				SKIP_INSTALL = YES;
				SWIFT_ACTIVE_COMPILATION_CONDITIONS = "$(inherited)";
				SWIFT_VERSION = 4.2;
				TARGET_NAME = Logger;
			};
			name = Debug;
		};
		OBJ_151 /* Release */ = {
			isa = XCBuildConfiguration;
			buildSettings = {
				ENABLE_TESTABILITY = YES;
				FRAMEWORK_SEARCH_PATHS = (
					"$(inherited)",
					"$(PLATFORM_DIR)/Developer/Library/Frameworks",
				);
				HEADER_SEARCH_PATHS = "$(inherited)";
				INFOPLIST_FILE = ReleaseTools.xcodeproj/Logger_Info.plist;
				LD_RUNPATH_SEARCH_PATHS = "$(inherited) $(TOOLCHAIN_DIR)/usr/lib/swift/macosx";
				OTHER_CFLAGS = "$(inherited)";
				OTHER_LDFLAGS = "$(inherited)";
				OTHER_SWIFT_FLAGS = "$(inherited)";
				PRODUCT_BUNDLE_IDENTIFIER = Logger;
				PRODUCT_MODULE_NAME = "$(TARGET_NAME:c99extidentifier)";
				PRODUCT_NAME = "$(TARGET_NAME:c99extidentifier)";
				SKIP_INSTALL = YES;
				SWIFT_ACTIVE_COMPILATION_CONDITIONS = "$(inherited)";
				SWIFT_VERSION = 4.2;
				TARGET_NAME = Logger;
			};
			name = Release;
		};
		OBJ_163 /* Debug */ = {
			isa = XCBuildConfiguration;
			buildSettings = {
				LD = /usr/bin/true;
				OTHER_SWIFT_FLAGS = "-swift-version 4.2 -I $(TOOLCHAIN_DIR)/usr/lib/swift/pm/4_2 -target x86_64-apple-macosx10.10 -sdk /Applications/Xcode10.2.app/Contents/Developer/Platforms/MacOSX.platform/Developer/SDKs/MacOSX10.14.sdk";
				SWIFT_VERSION = 4.2;
			};
			name = Debug;
		};
		OBJ_164 /* Release */ = {
			isa = XCBuildConfiguration;
			buildSettings = {
				LD = /usr/bin/true;
				OTHER_SWIFT_FLAGS = "-swift-version 4.2 -I $(TOOLCHAIN_DIR)/usr/lib/swift/pm/4_2 -target x86_64-apple-macosx10.10 -sdk /Applications/Xcode10.2.app/Contents/Developer/Platforms/MacOSX.platform/Developer/SDKs/MacOSX10.14.sdk";
				SWIFT_VERSION = 4.2;
			};
			name = Release;
		};
		OBJ_169 /* Debug */ = {
			isa = XCBuildConfiguration;
			buildSettings = {
				FRAMEWORK_SEARCH_PATHS = (
					"$(inherited)",
					"$(PLATFORM_DIR)/Developer/Library/Frameworks",
				);
				HEADER_SEARCH_PATHS = "$(inherited)";
				INFOPLIST_FILE = ReleaseTools.xcodeproj/ReleaseTools_Info.plist;
				LD_RUNPATH_SEARCH_PATHS = "$(inherited) $(TOOLCHAIN_DIR)/usr/lib/swift/macosx @executable_path";
				OTHER_CFLAGS = "$(inherited)";
				OTHER_LDFLAGS = "$(inherited)";
				OTHER_SWIFT_FLAGS = "$(inherited)";
				SWIFT_ACTIVE_COMPILATION_CONDITIONS = "$(inherited)";
				SWIFT_FORCE_DYNAMIC_LINK_STDLIB = YES;
				SWIFT_FORCE_STATIC_LINK_STDLIB = NO;
				SWIFT_VERSION = 4.2;
				TARGET_NAME = ReleaseTools;
			};
			name = Debug;
		};
		OBJ_170 /* Release */ = {
			isa = XCBuildConfiguration;
			buildSettings = {
				FRAMEWORK_SEARCH_PATHS = (
					"$(inherited)",
					"$(PLATFORM_DIR)/Developer/Library/Frameworks",
				);
				HEADER_SEARCH_PATHS = "$(inherited)";
				INFOPLIST_FILE = ReleaseTools.xcodeproj/ReleaseTools_Info.plist;
				LD_RUNPATH_SEARCH_PATHS = "$(inherited) $(TOOLCHAIN_DIR)/usr/lib/swift/macosx @executable_path";
				OTHER_CFLAGS = "$(inherited)";
				OTHER_LDFLAGS = "$(inherited)";
				OTHER_SWIFT_FLAGS = "$(inherited)";
				SWIFT_ACTIVE_COMPILATION_CONDITIONS = "$(inherited)";
				SWIFT_FORCE_DYNAMIC_LINK_STDLIB = YES;
				SWIFT_FORCE_STATIC_LINK_STDLIB = NO;
				SWIFT_VERSION = 4.2;
				TARGET_NAME = ReleaseTools;
			};
			name = Release;
		};
		OBJ_198 /* Debug */ = {
			isa = XCBuildConfiguration;
			buildSettings = {
				LD = /usr/bin/true;
				OTHER_SWIFT_FLAGS = "-swift-version 4.2 -I $(TOOLCHAIN_DIR)/usr/lib/swift/pm/4_2 -target x86_64-apple-macosx10.10 -sdk /Applications/Xcode10.2.app/Contents/Developer/Platforms/MacOSX.platform/Developer/SDKs/MacOSX10.14.sdk";
				SWIFT_VERSION = 4.2;
			};
			name = Debug;
		};
		OBJ_199 /* Release */ = {
			isa = XCBuildConfiguration;
			buildSettings = {
				LD = /usr/bin/true;
				OTHER_SWIFT_FLAGS = "-swift-version 4.2 -I $(TOOLCHAIN_DIR)/usr/lib/swift/pm/4_2 -target x86_64-apple-macosx10.10 -sdk /Applications/Xcode10.2.app/Contents/Developer/Platforms/MacOSX.platform/Developer/SDKs/MacOSX10.14.sdk";
				SWIFT_VERSION = 4.2;
			};
			name = Release;
		};
		OBJ_204 /* Debug */ = {
			isa = XCBuildConfiguration;
			buildSettings = {
			};
			name = Debug;
		};
		OBJ_205 /* Release */ = {
			isa = XCBuildConfiguration;
			buildSettings = {
			};
			name = Release;
		};
		OBJ_209 /* Debug */ = {
			isa = XCBuildConfiguration;
			buildSettings = {
				CLANG_ENABLE_MODULES = YES;
				EMBEDDED_CONTENT_CONTAINS_SWIFT = YES;
				FRAMEWORK_SEARCH_PATHS = (
					"$(inherited)",
					"$(PLATFORM_DIR)/Developer/Library/Frameworks",
				);
				HEADER_SEARCH_PATHS = "$(inherited)";
				INFOPLIST_FILE = ReleaseTools.xcodeproj/ReleaseToolsTests_Info.plist;
				LD_RUNPATH_SEARCH_PATHS = "$(inherited) @loader_path/../Frameworks @loader_path/Frameworks";
				OTHER_CFLAGS = "$(inherited)";
				OTHER_LDFLAGS = "$(inherited)";
				OTHER_SWIFT_FLAGS = "$(inherited)";
				SWIFT_ACTIVE_COMPILATION_CONDITIONS = "$(inherited)";
				SWIFT_VERSION = 4.2;
				TARGET_NAME = ReleaseToolsTests;
			};
			name = Debug;
		};
		OBJ_210 /* Release */ = {
			isa = XCBuildConfiguration;
			buildSettings = {
				CLANG_ENABLE_MODULES = YES;
				EMBEDDED_CONTENT_CONTAINS_SWIFT = YES;
				FRAMEWORK_SEARCH_PATHS = (
					"$(inherited)",
					"$(PLATFORM_DIR)/Developer/Library/Frameworks",
				);
				HEADER_SEARCH_PATHS = "$(inherited)";
				INFOPLIST_FILE = ReleaseTools.xcodeproj/ReleaseToolsTests_Info.plist;
				LD_RUNPATH_SEARCH_PATHS = "$(inherited) @loader_path/../Frameworks @loader_path/Frameworks";
				OTHER_CFLAGS = "$(inherited)";
				OTHER_LDFLAGS = "$(inherited)";
				OTHER_SWIFT_FLAGS = "$(inherited)";
				SWIFT_ACTIVE_COMPILATION_CONDITIONS = "$(inherited)";
				SWIFT_VERSION = 4.2;
				TARGET_NAME = ReleaseToolsTests;
			};
			name = Release;
		};
		OBJ_227 /* Debug */ = {
			isa = XCBuildConfiguration;
			buildSettings = {
				ENABLE_TESTABILITY = YES;
				FRAMEWORK_SEARCH_PATHS = (
					"$(inherited)",
					"$(PLATFORM_DIR)/Developer/Library/Frameworks",
				);
				HEADER_SEARCH_PATHS = "$(inherited)";
				INFOPLIST_FILE = ReleaseTools.xcodeproj/Runner_Info.plist;
				LD_RUNPATH_SEARCH_PATHS = "$(inherited) $(TOOLCHAIN_DIR)/usr/lib/swift/macosx";
				OTHER_CFLAGS = "$(inherited)";
				OTHER_LDFLAGS = "$(inherited)";
				OTHER_SWIFT_FLAGS = "$(inherited)";
				PRODUCT_BUNDLE_IDENTIFIER = Runner;
				PRODUCT_MODULE_NAME = "$(TARGET_NAME:c99extidentifier)";
				PRODUCT_NAME = "$(TARGET_NAME:c99extidentifier)";
				SKIP_INSTALL = YES;
				SWIFT_ACTIVE_COMPILATION_CONDITIONS = "$(inherited)";
				SWIFT_VERSION = 4.2;
				TARGET_NAME = Runner;
			};
			name = Debug;
		};
		OBJ_228 /* Release */ = {
			isa = XCBuildConfiguration;
			buildSettings = {
				ENABLE_TESTABILITY = YES;
				FRAMEWORK_SEARCH_PATHS = (
					"$(inherited)",
					"$(PLATFORM_DIR)/Developer/Library/Frameworks",
				);
				HEADER_SEARCH_PATHS = "$(inherited)";
				INFOPLIST_FILE = ReleaseTools.xcodeproj/Runner_Info.plist;
				LD_RUNPATH_SEARCH_PATHS = "$(inherited) $(TOOLCHAIN_DIR)/usr/lib/swift/macosx";
				OTHER_CFLAGS = "$(inherited)";
				OTHER_LDFLAGS = "$(inherited)";
				OTHER_SWIFT_FLAGS = "$(inherited)";
				PRODUCT_BUNDLE_IDENTIFIER = Runner;
				PRODUCT_MODULE_NAME = "$(TARGET_NAME:c99extidentifier)";
				PRODUCT_NAME = "$(TARGET_NAME:c99extidentifier)";
				SKIP_INSTALL = YES;
				SWIFT_ACTIVE_COMPILATION_CONDITIONS = "$(inherited)";
				SWIFT_VERSION = 4.2;
				TARGET_NAME = Runner;
			};
			name = Release;
		};
		OBJ_234 /* Debug */ = {
			isa = XCBuildConfiguration;
			buildSettings = {
				LD = /usr/bin/true;
				OTHER_SWIFT_FLAGS = "-swift-version 4.2 -I $(TOOLCHAIN_DIR)/usr/lib/swift/pm/4_2 -target x86_64-apple-macosx10.10 -sdk /Applications/Xcode10.2.app/Contents/Developer/Platforms/MacOSX.platform/Developer/SDKs/MacOSX10.14.sdk";
				SWIFT_VERSION = 4.2;
			};
			name = Debug;
		};
		OBJ_235 /* Release */ = {
			isa = XCBuildConfiguration;
			buildSettings = {
				LD = /usr/bin/true;
				OTHER_SWIFT_FLAGS = "-swift-version 4.2 -I $(TOOLCHAIN_DIR)/usr/lib/swift/pm/4_2 -target x86_64-apple-macosx10.10 -sdk /Applications/Xcode10.2.app/Contents/Developer/Platforms/MacOSX.platform/Developer/SDKs/MacOSX10.14.sdk";
				SWIFT_VERSION = 4.2;
			};
			name = Release;
		};
		OBJ_240 /* Debug */ = {
			isa = XCBuildConfiguration;
			buildSettings = {
			};
			name = Debug;
		};
		OBJ_241 /* Release */ = {
			isa = XCBuildConfiguration;
			buildSettings = {
			};
			name = Release;
		};
		OBJ_3 /* Debug */ = {
			isa = XCBuildConfiguration;
			buildSettings = {
				CLANG_ENABLE_OBJC_ARC = YES;
				COMBINE_HIDPI_IMAGES = YES;
				COPY_PHASE_STRIP = NO;
				DEBUG_INFORMATION_FORMAT = dwarf;
				DYLIB_INSTALL_NAME_BASE = "@rpath";
				ENABLE_NS_ASSERTIONS = YES;
				GCC_OPTIMIZATION_LEVEL = 0;
				GCC_PREPROCESSOR_DEFINITIONS = (
					"$(inherited)",
					"SWIFT_PACKAGE=1",
					"DEBUG=1",
				);
				MACOSX_DEPLOYMENT_TARGET = 10.10;
				ONLY_ACTIVE_ARCH = YES;
				OTHER_SWIFT_FLAGS = "-DXcode";
				PRODUCT_NAME = "$(TARGET_NAME)";
				SDKROOT = macosx;
				SUPPORTED_PLATFORMS = "macosx iphoneos iphonesimulator appletvos appletvsimulator watchos watchsimulator";
				SWIFT_ACTIVE_COMPILATION_CONDITIONS = "$(inherited) SWIFT_PACKAGE DEBUG";
				SWIFT_OPTIMIZATION_LEVEL = "-Onone";
				USE_HEADERMAP = NO;
			};
			name = Debug;
		};
		OBJ_4 /* Release */ = {
			isa = XCBuildConfiguration;
			buildSettings = {
				CLANG_ENABLE_OBJC_ARC = YES;
				COMBINE_HIDPI_IMAGES = YES;
				COPY_PHASE_STRIP = YES;
				DEBUG_INFORMATION_FORMAT = "dwarf-with-dsym";
				DYLIB_INSTALL_NAME_BASE = "@rpath";
				GCC_OPTIMIZATION_LEVEL = s;
				GCC_PREPROCESSOR_DEFINITIONS = (
					"$(inherited)",
					"SWIFT_PACKAGE=1",
				);
				MACOSX_DEPLOYMENT_TARGET = 10.10;
				OTHER_SWIFT_FLAGS = "-DXcode";
				PRODUCT_NAME = "$(TARGET_NAME)";
				SDKROOT = macosx;
				SUPPORTED_PLATFORMS = "macosx iphoneos iphonesimulator appletvos appletvsimulator watchos watchsimulator";
				SWIFT_ACTIVE_COMPILATION_CONDITIONS = "$(inherited) SWIFT_PACKAGE";
				SWIFT_OPTIMIZATION_LEVEL = "-Owholemodule";
				USE_HEADERMAP = NO;
			};
			name = Release;
		};
		OBJ_84 /* Debug */ = {
			isa = XCBuildConfiguration;
			buildSettings = {
				ENABLE_TESTABILITY = YES;
				FRAMEWORK_SEARCH_PATHS = (
					"$(inherited)",
					"$(PLATFORM_DIR)/Developer/Library/Frameworks",
				);
				HEADER_SEARCH_PATHS = "$(inherited)";
				INFOPLIST_FILE = ReleaseTools.xcodeproj/Arguments_Info.plist;
				LD_RUNPATH_SEARCH_PATHS = "$(inherited) $(TOOLCHAIN_DIR)/usr/lib/swift/macosx";
				OTHER_CFLAGS = "$(inherited)";
				OTHER_LDFLAGS = "$(inherited)";
				OTHER_SWIFT_FLAGS = "$(inherited)";
				PRODUCT_BUNDLE_IDENTIFIER = Arguments;
				PRODUCT_MODULE_NAME = "$(TARGET_NAME:c99extidentifier)";
				PRODUCT_NAME = "$(TARGET_NAME:c99extidentifier)";
				SKIP_INSTALL = YES;
				SWIFT_ACTIVE_COMPILATION_CONDITIONS = "$(inherited)";
				SWIFT_VERSION = 4.2;
				TARGET_NAME = Arguments;
			};
			name = Debug;
		};
		OBJ_85 /* Release */ = {
			isa = XCBuildConfiguration;
			buildSettings = {
				ENABLE_TESTABILITY = YES;
				FRAMEWORK_SEARCH_PATHS = (
					"$(inherited)",
					"$(PLATFORM_DIR)/Developer/Library/Frameworks",
				);
				HEADER_SEARCH_PATHS = "$(inherited)";
				INFOPLIST_FILE = ReleaseTools.xcodeproj/Arguments_Info.plist;
				LD_RUNPATH_SEARCH_PATHS = "$(inherited) $(TOOLCHAIN_DIR)/usr/lib/swift/macosx";
				OTHER_CFLAGS = "$(inherited)";
				OTHER_LDFLAGS = "$(inherited)";
				OTHER_SWIFT_FLAGS = "$(inherited)";
				PRODUCT_BUNDLE_IDENTIFIER = Arguments;
				PRODUCT_MODULE_NAME = "$(TARGET_NAME:c99extidentifier)";
				PRODUCT_NAME = "$(TARGET_NAME:c99extidentifier)";
				SKIP_INSTALL = YES;
				SWIFT_ACTIVE_COMPILATION_CONDITIONS = "$(inherited)";
				SWIFT_VERSION = 4.2;
				TARGET_NAME = Arguments;
			};
			name = Release;
		};
		OBJ_97 /* Debug */ = {
			isa = XCBuildConfiguration;
			buildSettings = {
				LD = /usr/bin/true;
				OTHER_SWIFT_FLAGS = "-swift-version 4.2 -I $(TOOLCHAIN_DIR)/usr/lib/swift/pm/4_2 -target x86_64-apple-macosx10.10 -sdk /Applications/Xcode10.2.app/Contents/Developer/Platforms/MacOSX.platform/Developer/SDKs/MacOSX10.14.sdk";
				SWIFT_VERSION = 4.2;
			};
			name = Debug;
		};
		OBJ_98 /* Release */ = {
			isa = XCBuildConfiguration;
			buildSettings = {
				LD = /usr/bin/true;
				OTHER_SWIFT_FLAGS = "-swift-version 4.2 -I $(TOOLCHAIN_DIR)/usr/lib/swift/pm/4_2 -target x86_64-apple-macosx10.10 -sdk /Applications/Xcode10.2.app/Contents/Developer/Platforms/MacOSX.platform/Developer/SDKs/MacOSX10.14.sdk";
				SWIFT_VERSION = 4.2;
			};
			name = Release;
		};
/* End XCBuildConfiguration section */

/* Begin XCConfigurationList section */
		OBJ_102 /* Build configuration list for PBXNativeTarget "CommandShell" */ = {
			isa = XCConfigurationList;
			buildConfigurations = (
				OBJ_103 /* Debug */,
				OBJ_104 /* Release */,
			);
			defaultConfigurationIsVisible = 0;
			defaultConfigurationName = Release;
		};
		OBJ_118 /* Build configuration list for PBXNativeTarget "CommandShellPackageDescription" */ = {
			isa = XCConfigurationList;
			buildConfigurations = (
				OBJ_119 /* Debug */,
				OBJ_120 /* Release */,
			);
			defaultConfigurationIsVisible = 0;
			defaultConfigurationName = Release;
		};
		OBJ_123 /* Build configuration list for PBXNativeTarget "Docopt" */ = {
			isa = XCConfigurationList;
			buildConfigurations = (
				OBJ_124 /* Debug */,
				OBJ_125 /* Release */,
			);
			defaultConfigurationIsVisible = 0;
			defaultConfigurationName = Release;
		};
		OBJ_144 /* Build configuration list for PBXNativeTarget "DocoptPackageDescription" */ = {
			isa = XCConfigurationList;
			buildConfigurations = (
				OBJ_145 /* Debug */,
				OBJ_146 /* Release */,
			);
			defaultConfigurationIsVisible = 0;
			defaultConfigurationName = Release;
		};
		OBJ_149 /* Build configuration list for PBXNativeTarget "Logger" */ = {
			isa = XCConfigurationList;
			buildConfigurations = (
				OBJ_150 /* Debug */,
				OBJ_151 /* Release */,
			);
			defaultConfigurationIsVisible = 0;
			defaultConfigurationName = Release;
		};
		OBJ_162 /* Build configuration list for PBXNativeTarget "LoggerPackageDescription" */ = {
			isa = XCConfigurationList;
			buildConfigurations = (
				OBJ_163 /* Debug */,
				OBJ_164 /* Release */,
			);
			defaultConfigurationIsVisible = 0;
			defaultConfigurationName = Release;
		};
		OBJ_168 /* Build configuration list for PBXNativeTarget "ReleaseTools" */ = {
			isa = XCConfigurationList;
			buildConfigurations = (
				OBJ_169 /* Debug */,
				OBJ_170 /* Release */,
			);
			defaultConfigurationIsVisible = 0;
			defaultConfigurationName = Release;
		};
		OBJ_197 /* Build configuration list for PBXNativeTarget "ReleaseToolsPackageDescription" */ = {
			isa = XCConfigurationList;
			buildConfigurations = (
				OBJ_198 /* Debug */,
				OBJ_199 /* Release */,
			);
			defaultConfigurationIsVisible = 0;
			defaultConfigurationName = Release;
		};
		OBJ_2 /* Build configuration list for PBXProject "ReleaseTools" */ = {
			isa = XCConfigurationList;
			buildConfigurations = (
				OBJ_3 /* Debug */,
				OBJ_4 /* Release */,
			);
			defaultConfigurationIsVisible = 0;
			defaultConfigurationName = Release;
		};
		OBJ_203 /* Build configuration list for PBXAggregateTarget "ReleaseToolsPackageTests" */ = {
			isa = XCConfigurationList;
			buildConfigurations = (
				OBJ_204 /* Debug */,
				OBJ_205 /* Release */,
			);
			defaultConfigurationIsVisible = 0;
			defaultConfigurationName = Release;
		};
		OBJ_208 /* Build configuration list for PBXNativeTarget "ReleaseToolsTests" */ = {
			isa = XCConfigurationList;
			buildConfigurations = (
				OBJ_209 /* Debug */,
				OBJ_210 /* Release */,
			);
			defaultConfigurationIsVisible = 0;
			defaultConfigurationName = Release;
		};
		OBJ_226 /* Build configuration list for PBXNativeTarget "Runner" */ = {
			isa = XCConfigurationList;
			buildConfigurations = (
				OBJ_227 /* Debug */,
				OBJ_228 /* Release */,
			);
			defaultConfigurationIsVisible = 0;
			defaultConfigurationName = Release;
		};
		OBJ_233 /* Build configuration list for PBXNativeTarget "RunnerPackageDescription" */ = {
			isa = XCConfigurationList;
			buildConfigurations = (
				OBJ_234 /* Debug */,
				OBJ_235 /* Release */,
			);
			defaultConfigurationIsVisible = 0;
			defaultConfigurationName = Release;
		};
		OBJ_239 /* Build configuration list for PBXAggregateTarget "rt" */ = {
			isa = XCConfigurationList;
			buildConfigurations = (
				OBJ_240 /* Debug */,
				OBJ_241 /* Release */,
			);
			defaultConfigurationIsVisible = 0;
			defaultConfigurationName = Release;
		};
		OBJ_83 /* Build configuration list for PBXNativeTarget "Arguments" */ = {
			isa = XCConfigurationList;
			buildConfigurations = (
				OBJ_84 /* Debug */,
				OBJ_85 /* Release */,
			);
			defaultConfigurationIsVisible = 0;
			defaultConfigurationName = Release;
		};
		OBJ_96 /* Build configuration list for PBXNativeTarget "ArgumentsPackageDescription" */ = {
			isa = XCConfigurationList;
			buildConfigurations = (
				OBJ_97 /* Debug */,
				OBJ_98 /* Release */,
			);
			defaultConfigurationIsVisible = 0;
			defaultConfigurationName = Release;
		};
/* End XCConfigurationList section */
	};
	rootObject = OBJ_1 /* Project object */;
}
